// !$*UTF8*$!
{
	archiveVersion = 1;
	classes = {
	};
	objectVersion = 52;
	objects = {

/* Begin PBXBuildFile section */
		3A035F1825EA4D8C00D3FB69 /* LoginViewController.swift in Sources */ = {isa = PBXBuildFile; fileRef = 3A035F1725EA4D8C00D3FB69 /* LoginViewController.swift */; };
		3A179F4D25FB5A3900901436 /* DonateMoneyViewController.swift in Sources */ = {isa = PBXBuildFile; fileRef = 3A179F4C25FB5A3900901436 /* DonateMoneyViewController.swift */; };
		3A179F5225FB62B700901436 /* DonateMoneyTableViewCell.swift in Sources */ = {isa = PBXBuildFile; fileRef = 3A179F5125FB62B700901436 /* DonateMoneyTableViewCell.swift */; };
		3A179F6025FB87AF00901436 /* InputDonationMoneyViewController.swift in Sources */ = {isa = PBXBuildFile; fileRef = 3A179F5F25FB87AF00901436 /* InputDonationMoneyViewController.swift */; };
		3A179F7725FBC84F00901436 /* UITextField+Extension.swift in Sources */ = {isa = PBXBuildFile; fileRef = 3A179F7625FBC84F00901436 /* UITextField+Extension.swift */; };
		3A1BD71125ED26D00079D56D /* DonationDetailViewController.swift in Sources */ = {isa = PBXBuildFile; fileRef = 3A1BD71025ED26D00079D56D /* DonationDetailViewController.swift */; };
		3A1BD71D25F12F0C0079D56D /* DonationDetailViewController+Layout.swift in Sources */ = {isa = PBXBuildFile; fileRef = 3A1BD71C25F12F0C0079D56D /* DonationDetailViewController+Layout.swift */; };
		3A1BD72425F1583D0079D56D /* DetailParticipantsMoreButtonView.swift in Sources */ = {isa = PBXBuildFile; fileRef = 3A1BD72325F1583D0079D56D /* DetailParticipantsMoreButtonView.swift */; };
		3A1BD73125F15EF20079D56D /* DetailParticipantsView.swift in Sources */ = {isa = PBXBuildFile; fileRef = 3A1BD72F25F15EF20079D56D /* DetailParticipantsView.swift */; };
		3A1BD73225F15EF20079D56D /* DetailParticipantsProfileImageView.swift in Sources */ = {isa = PBXBuildFile; fileRef = 3A1BD73025F15EF20079D56D /* DetailParticipantsProfileImageView.swift */; };
		3A1BD76D25F539D40079D56D /* Spoqa Han Sans Neo Regular.otf in Resources */ = {isa = PBXBuildFile; fileRef = 3A1BD76825F539D20079D56D /* Spoqa Han Sans Neo Regular.otf */; };
		3A1BD76E25F539D40079D56D /* Spoqa Han Sans Neo Light.otf in Resources */ = {isa = PBXBuildFile; fileRef = 3A1BD76925F539D30079D56D /* Spoqa Han Sans Neo Light.otf */; };
		3A1BD76F25F539D40079D56D /* Spoqa Han Sans Neo Bold.otf in Resources */ = {isa = PBXBuildFile; fileRef = 3A1BD76A25F539D30079D56D /* Spoqa Han Sans Neo Bold.otf */; };
		3A1BD77025F539D40079D56D /* Spoqa Han Sans Neo Thin.otf in Resources */ = {isa = PBXBuildFile; fileRef = 3A1BD76B25F539D30079D56D /* Spoqa Han Sans Neo Thin.otf */; };
		3A1BD77125F539D40079D56D /* Spoqa Han Sans Neo Medium.otf in Resources */ = {isa = PBXBuildFile; fileRef = 3A1BD76C25F539D40079D56D /* Spoqa Han Sans Neo Medium.otf */; };
		3A1BD77C25F5443D0079D56D /* UIFont+Extension.swift in Sources */ = {isa = PBXBuildFile; fileRef = 3A1BD77B25F5443D0079D56D /* UIFont+Extension.swift */; };
		3A1E6DC12620445A00FAF0CC /* UserInfo.swift in Sources */ = {isa = PBXBuildFile; fileRef = 3A1E6DC02620445A00FAF0CC /* UserInfo.swift */; };
		3A1E6DDD262065BF00FAF0CC /* DonateMoneyData.swift in Sources */ = {isa = PBXBuildFile; fileRef = 3A1E6DDC262065BF00FAF0CC /* DonateMoneyData.swift */; };
		3A1E6DE92620D69E00FAF0CC /* DonateCompleteViewController.swift in Sources */ = {isa = PBXBuildFile; fileRef = 3A1E6DE82620D69E00FAF0CC /* DonateCompleteViewController.swift */; };
		3A1E6DED2620E59700FAF0CC /* MakeCompleteViewController.swift in Sources */ = {isa = PBXBuildFile; fileRef = 3A1E6DEC2620E59700FAF0CC /* MakeCompleteViewController.swift */; };
		3A61D74F2637FF7800DC27CF /* Login+Firebase.swift in Sources */ = {isa = PBXBuildFile; fileRef = 3A61D74E2637FF7800DC27CF /* Login+Firebase.swift */; };
		3A61D7532638000900DC27CF /* Login+Google.swift in Sources */ = {isa = PBXBuildFile; fileRef = 3A61D7522638000900DC27CF /* Login+Google.swift */; };
		3A61D7572638003B00DC27CF /* Login+Facebook.swift in Sources */ = {isa = PBXBuildFile; fileRef = 3A61D7562638003B00DC27CF /* Login+Facebook.swift */; };
		3A61D75B263800A000DC27CF /* Login+Apple.swift in Sources */ = {isa = PBXBuildFile; fileRef = 3A61D75A263800A000DC27CF /* Login+Apple.swift */; };
		3A61D7662638173E00DC27CF /* KeychainManager.swift in Sources */ = {isa = PBXBuildFile; fileRef = 3A61D7652638173E00DC27CF /* KeychainManager.swift */; };
		3A6CFF3325EAEC7A00214E43 /* CustomLoginButton.swift in Sources */ = {isa = PBXBuildFile; fileRef = 3A6CFF3225EAEC7A00214E43 /* CustomLoginButton.swift */; };
		3AB1CFD6260F7CB200EA94E8 /* UIViewController+Extension.swift in Sources */ = {isa = PBXBuildFile; fileRef = 3AB1CFD5260F7CB200EA94E8 /* UIViewController+Extension.swift */; };
		3AB1D0252610DB4700EA94E8 /* MainOngoingDonationHeaderView.swift in Sources */ = {isa = PBXBuildFile; fileRef = 3AB1D0242610DB4700EA94E8 /* MainOngoingDonationHeaderView.swift */; };
		3AB1D0372615DB1900EA94E8 /* LoginData.swift in Sources */ = {isa = PBXBuildFile; fileRef = 3AB1D0362615DB1900EA94E8 /* LoginData.swift */; };
		3AB1D03F2615DCB600EA94E8 /* LoginViewModel.swift in Sources */ = {isa = PBXBuildFile; fileRef = 3AB1D03E2615DCB600EA94E8 /* LoginViewModel.swift */; };
		3AC393D9261CBC3D008BB207 /* DonationDetailViewModel.swift in Sources */ = {isa = PBXBuildFile; fileRef = 3AC393D8261CBC3D008BB207 /* DonationDetailViewModel.swift */; };
		3AC39404261DBDF5008BB207 /* DonationDetailResponse.swift in Sources */ = {isa = PBXBuildFile; fileRef = 3AC39403261DBDF5008BB207 /* DonationDetailResponse.swift */; };
		3AC39407261DBF59008BB207 /* Int+Extension.swift in Sources */ = {isa = PBXBuildFile; fileRef = 3AC39406261DBF59008BB207 /* Int+Extension.swift */; };
		3AC3940E261DF7FC008BB207 /* JSONDecoder+Extension.swift in Sources */ = {isa = PBXBuildFile; fileRef = 3AC3940D261DF7FC008BB207 /* JSONDecoder+Extension.swift */; };
		3AC39411261DFBF2008BB207 /* Date+Extension.swift in Sources */ = {isa = PBXBuildFile; fileRef = 3AC39410261DFBF2008BB207 /* Date+Extension.swift */; };
		3AC3941A261E2724008BB207 /* DonateMoneyViewModel.swift in Sources */ = {isa = PBXBuildFile; fileRef = 3AC39419261E2724008BB207 /* DonateMoneyViewModel.swift */; };
		4D46FEB526215F7B00471475 /* Logger.swift in Sources */ = {isa = PBXBuildFile; fileRef = 4D46FEB426215F7B00471475 /* Logger.swift */; };
		4D46FEB82621607200471475 /* BaseViewController.swift in Sources */ = {isa = PBXBuildFile; fileRef = 4D46FEB72621607200471475 /* BaseViewController.swift */; };
		4DBDB4E4261F53C900B5E08D /* Moya in Frameworks */ = {isa = PBXBuildFile; productRef = 4DBDB4E3261F53C900B5E08D /* Moya */; };
		4DBDB4EA261F542B00B5E08D /* DoneService.swift in Sources */ = {isa = PBXBuildFile; fileRef = 4DBDB4E9261F542B00B5E08D /* DoneService.swift */; };
		4DBDB4F2261F593F00B5E08D /* MainViewModel.swift in Sources */ = {isa = PBXBuildFile; fileRef = 4DBDB4F1261F593F00B5E08D /* MainViewModel.swift */; };
		4DBDB4F5261F59A500B5E08D /* DoneProvider.swift in Sources */ = {isa = PBXBuildFile; fileRef = 4DBDB4F4261F59A500B5E08D /* DoneProvider.swift */; };
		4DBDB4F8261F614F00B5E08D /* NetworkProvider.swift in Sources */ = {isa = PBXBuildFile; fileRef = 4DBDB4F7261F614F00B5E08D /* NetworkProvider.swift */; };
		4DBDB4FC261F623600B5E08D /* MainResponse.swift in Sources */ = {isa = PBXBuildFile; fileRef = 4DBDB4FB261F623600B5E08D /* MainResponse.swift */; };
		6A7F9880C2DD6C6782A998EE /* Pods_MobalMobal.framework in Frameworks */ = {isa = PBXBuildFile; fileRef = 5A5C411755E7FEF436016D7E /* Pods_MobalMobal.framework */; };
		7C04535625EA949B00870761 /* ProfileViewController.swift in Sources */ = {isa = PBXBuildFile; fileRef = 7C04535525EA949B00870761 /* ProfileViewController.swift */; };
		7C04535A25EA98B900870761 /* ProfileTableViewCell.swift in Sources */ = {isa = PBXBuildFile; fileRef = 7C04535925EA98B900870761 /* ProfileTableViewCell.swift */; };
		7C04535D25EAA2C000870761 /* ProfileMyDonationTableViewCell.swift in Sources */ = {isa = PBXBuildFile; fileRef = 7C04535C25EAA2C000870761 /* ProfileMyDonationTableViewCell.swift */; };
		7C04536025EAA2DC00870761 /* ProfileDonatingTableViewCell.swift in Sources */ = {isa = PBXBuildFile; fileRef = 7C04535F25EAA2DC00870761 /* ProfileDonatingTableViewCell.swift */; };
		7C04536525EAAA3B00870761 /* UIColor+Additions.swift in Sources */ = {isa = PBXBuildFile; fileRef = 7C04536425EAAA3B00870761 /* UIColor+Additions.swift */; };
		7C062D9F2621111000F5D58D /* WebviewController.swift in Sources */ = {isa = PBXBuildFile; fileRef = 7C062D9E2621111000F5D58D /* WebviewController.swift */; };
		7C30C23B2617548E00567520 /* ProfileResponse.swift in Sources */ = {isa = PBXBuildFile; fileRef = 7C30C23A2617548E00567520 /* ProfileResponse.swift */; };
		7C30C23F2617588500567520 /* ProfileViewModel.swift in Sources */ = {isa = PBXBuildFile; fileRef = 7C30C23E2617588500567520 /* ProfileViewModel.swift */; };
		7C30C2DB261AA8F500567520 /* MydonationResponse.swift in Sources */ = {isa = PBXBuildFile; fileRef = 7C30C2DA261AA8F500567520 /* MydonationResponse.swift */; };
		7C30C345261DB5C500567520 /* ProfileCellViewModel.swift in Sources */ = {isa = PBXBuildFile; fileRef = 7C30C344261DB5C400567520 /* ProfileCellViewModel.swift */; };
		7C30C348261E163D00567520 /* ProfileMydonationViewModel.swift in Sources */ = {isa = PBXBuildFile; fileRef = 7C30C347261E163D00567520 /* ProfileMydonationViewModel.swift */; };
		7C30C34B261E282300567520 /* ProfileDonatingViewModel.swift in Sources */ = {isa = PBXBuildFile; fileRef = 7C30C34A261E282300567520 /* ProfileDonatingViewModel.swift */; };
		7C36DF4625F2014E001C2DBB /* InputChargingPointViewController.swift in Sources */ = {isa = PBXBuildFile; fileRef = 7C36DF4525F2014E001C2DBB /* InputChargingPointViewController.swift */; };
		7C39979125F75B5900EA82C2 /* SuccessChargingViewController.swift in Sources */ = {isa = PBXBuildFile; fileRef = 7C39979025F75B5900EA82C2 /* SuccessChargingViewController.swift */; };
		7C39985D25FA51AA00EA82C2 /* AccountViewController.swift in Sources */ = {isa = PBXBuildFile; fileRef = 7C39985C25FA51AA00EA82C2 /* AccountViewController.swift */; };
		7C4B1A53266DF558001DA144 /* MyAccountViewModel.swift in Sources */ = {isa = PBXBuildFile; fileRef = 7C4B1A52266DF558001DA144 /* MyAccountViewModel.swift */; };
		7C61AEC925EA4CC200D9149F /* PointChargingViewController.swift in Sources */ = {isa = PBXBuildFile; fileRef = 7C61AEC825EA4CC200D9149F /* PointChargingViewController.swift */; };
		7C61AED225EA4FA300D9149F /* PointChargingTableViewCell.swift in Sources */ = {isa = PBXBuildFile; fileRef = 7C61AED125EA4FA300D9149F /* PointChargingTableViewCell.swift */; };
		7C842FA02606267400A66756 /* ModifyProfileViewController.swift in Sources */ = {isa = PBXBuildFile; fileRef = 7C842F9F2606267400A66756 /* ModifyProfileViewController.swift */; };
		7C842FA326063FB100A66756 /* ModifyProfileCustomView.swift in Sources */ = {isa = PBXBuildFile; fileRef = 7C842FA226063FB100A66756 /* ModifyProfileCustomView.swift */; };
		7C8BF1892620AFED008A491C /* MyDonateResponse.swift in Sources */ = {isa = PBXBuildFile; fileRef = 7C8BF1882620AFED008A491C /* MyDonateResponse.swift */; };
		7CC7C08B261F1CAD0038900A /* InputChargingPointViewModel.swift in Sources */ = {isa = PBXBuildFile; fileRef = 7CC7C08A261F1CAD0038900A /* InputChargingPointViewModel.swift */; };
		7CC7C08F261F20680038900A /* InputChargingPointModel.swift in Sources */ = {isa = PBXBuildFile; fileRef = 7CC7C08E261F20680038900A /* InputChargingPointModel.swift */; };
		7CE63718263C5D32008AE55E /* MyAccountViewController.swift in Sources */ = {isa = PBXBuildFile; fileRef = 7CE63717263C5D32008AE55E /* MyAccountViewController.swift */; };
		D70C37C925E103DD00898271 /* AppDelegate.swift in Sources */ = {isa = PBXBuildFile; fileRef = D70C37C825E103DD00898271 /* AppDelegate.swift */; };
		D70C37CB25E103DD00898271 /* SceneDelegate.swift in Sources */ = {isa = PBXBuildFile; fileRef = D70C37CA25E103DD00898271 /* SceneDelegate.swift */; };
		D70C37CD25E103DD00898271 /* ViewController.swift in Sources */ = {isa = PBXBuildFile; fileRef = D70C37CC25E103DD00898271 /* ViewController.swift */; };
		D70C37D025E103DD00898271 /* Main.storyboard in Resources */ = {isa = PBXBuildFile; fileRef = D70C37CE25E103DD00898271 /* Main.storyboard */; };
		D70C37D225E103DE00898271 /* Assets.xcassets in Resources */ = {isa = PBXBuildFile; fileRef = D70C37D125E103DE00898271 /* Assets.xcassets */; };
		D70C37D525E103DE00898271 /* LaunchScreen.storyboard in Resources */ = {isa = PBXBuildFile; fileRef = D70C37D325E103DE00898271 /* LaunchScreen.storyboard */; };
		D70C37DE25E103F100898271 /* .swiftlint.yml in Resources */ = {isa = PBXBuildFile; fileRef = D70C37DD25E103F100898271 /* .swiftlint.yml */; };
		D7147D4125E763DC00AA0878 /* FirebaseDynamicLinks in Frameworks */ = {isa = PBXBuildFile; productRef = D7147D4025E763DC00AA0878 /* FirebaseDynamicLinks */; };
		D7147D4325E763DC00AA0878 /* FirebaseDatabase in Frameworks */ = {isa = PBXBuildFile; productRef = D7147D4225E763DC00AA0878 /* FirebaseDatabase */; };
		D7147D4525E763DC00AA0878 /* FirebaseAnalytics in Frameworks */ = {isa = PBXBuildFile; productRef = D7147D4425E763DC00AA0878 /* FirebaseAnalytics */; };
		D7147D4725E763DC00AA0878 /* FirebaseCrashlytics in Frameworks */ = {isa = PBXBuildFile; productRef = D7147D4625E763DC00AA0878 /* FirebaseCrashlytics */; };
		D7147D4925E763DC00AA0878 /* FirebaseMessaging in Frameworks */ = {isa = PBXBuildFile; productRef = D7147D4825E763DC00AA0878 /* FirebaseMessaging */; };
		D7147D4B25E763DC00AA0878 /* FirebaseAuth in Frameworks */ = {isa = PBXBuildFile; productRef = D7147D4A25E763DC00AA0878 /* FirebaseAuth */; };
		D7147D4D25E763DC00AA0878 /* FirebaseRemoteConfig in Frameworks */ = {isa = PBXBuildFile; productRef = D7147D4C25E763DC00AA0878 /* FirebaseRemoteConfig */; };
		D7147D4F25E763DC00AA0878 /* FirebaseInAppMessaging-Beta in Frameworks */ = {isa = PBXBuildFile; productRef = D7147D4E25E763DC00AA0878 /* FirebaseInAppMessaging-Beta */; };
		D7147D5325E7646500AA0878 /* Alamofire in Frameworks */ = {isa = PBXBuildFile; productRef = D7147D5225E7646500AA0878 /* Alamofire */; };
		D7147D5725E7661100AA0878 /* Kingfisher in Frameworks */ = {isa = PBXBuildFile; productRef = D7147D5625E7661100AA0878 /* Kingfisher */; };
		D7147D5B25E7667A00AA0878 /* SnapKit in Frameworks */ = {isa = PBXBuildFile; productRef = D7147D5A25E7667A00AA0878 /* SnapKit */; };
		D7147D5F25E766CC00AA0878 /* Then in Frameworks */ = {isa = PBXBuildFile; productRef = D7147D5E25E766CC00AA0878 /* Then */; };
		D7147D6325E7686800AA0878 /* FacebookLogin in Frameworks */ = {isa = PBXBuildFile; productRef = D7147D6225E7686800AA0878 /* FacebookLogin */; };
		D7147D6525E7686800AA0878 /* FacebookCore in Frameworks */ = {isa = PBXBuildFile; productRef = D7147D6425E7686800AA0878 /* FacebookCore */; };
		D7147D6925E768B800AA0878 /* Toast in Frameworks */ = {isa = PBXBuildFile; productRef = D7147D6825E768B800AA0878 /* Toast */; };
		D7147D6C25E76A1900AA0878 /* GoogleService-Info.plist in Resources */ = {isa = PBXBuildFile; fileRef = D7147D6B25E76A1900AA0878 /* GoogleService-Info.plist */; };
		D7AC0C9525EAB9E2000A342A /* MainMyDonationCollectionViewCell.swift in Sources */ = {isa = PBXBuildFile; fileRef = D7AC0C9425EAB9E2000A342A /* MainMyDonationCollectionViewCell.swift */; };
		D7AC0C9925EACAC8000A342A /* MainAddMyDonationCollectionViewCell.swift in Sources */ = {isa = PBXBuildFile; fileRef = D7AC0C9825EACAC8000A342A /* MainAddMyDonationCollectionViewCell.swift */; };
		D7AC0C9D25EACF9A000A342A /* MainMyOngoingDonationCollectionViewCell.swift in Sources */ = {isa = PBXBuildFile; fileRef = D7AC0C9C25EACF9A000A342A /* MainMyOngoingDonationCollectionViewCell.swift */; };
		D7AC0CA325EAF8F9000A342A /* MainOngoingDonationCollectionViewCell.swift in Sources */ = {isa = PBXBuildFile; fileRef = D7AC0CA225EAF8F9000A342A /* MainOngoingDonationCollectionViewCell.swift */; };
		D7E44EF125EA5149007FDB4F /* MainViewController.swift in Sources */ = {isa = PBXBuildFile; fileRef = D7E44EF025EA5149007FDB4F /* MainViewController.swift */; };
		D9A4E1412620DD8600539C27 /* MainIndicatorCollectionViewCell.swift in Sources */ = {isa = PBXBuildFile; fileRef = D9A4E1402620DD8600539C27 /* MainIndicatorCollectionViewCell.swift */; };
		E30C23D82643077F008B623E /* UIScreen.swift in Sources */ = {isa = PBXBuildFile; fileRef = E30C23D72643077F008B623E /* UIScreen.swift */; };
		E33452E326446DA100F54A95 /* NetworkErrorViewController.swift in Sources */ = {isa = PBXBuildFile; fileRef = E33452E226446DA100F54A95 /* NetworkErrorViewController.swift */; };
		E359440E260F125D0078903E /* CreateDonationViewController.swift in Sources */ = {isa = PBXBuildFile; fileRef = E359440D260F125D0078903E /* CreateDonationViewController.swift */; };
		E365FBBD26210B480036617A /* CreateDonationViewController2.swift in Sources */ = {isa = PBXBuildFile; fileRef = E365FBBC26210B480036617A /* CreateDonationViewController2.swift */; };
		E365FBC326210EFA0036617A /* CreateDonation.storyboard in Resources */ = {isa = PBXBuildFile; fileRef = E365FBC226210EFA0036617A /* CreateDonation.storyboard */; };
		E365FBC926232D050036617A /* SignupUser.swift in Sources */ = {isa = PBXBuildFile; fileRef = E365FBC826232D050036617A /* SignupUser.swift */; };
		E365FBD2262345360036617A /* SignupViewModel.swift in Sources */ = {isa = PBXBuildFile; fileRef = E365FBD1262345360036617A /* SignupViewModel.swift */; };
		E3692D1D25F4F9C500755FBF /* UIView+Extension.swift in Sources */ = {isa = PBXBuildFile; fileRef = E3692D1C25F4F9C500755FBF /* UIView+Extension.swift */; };
		E3F1EA7825EA4B0600F34BDE /* SignupViewController.swift in Sources */ = {isa = PBXBuildFile; fileRef = E3F1EA7725EA4B0600F34BDE /* SignupViewController.swift */; };
		E3F1EA8425EA552800F34BDE /* SettingViewController.swift in Sources */ = {isa = PBXBuildFile; fileRef = E3F1EA8325EA552800F34BDE /* SettingViewController.swift */; };
		E3F1EAB225EACC9F00F34BDE /* SignupCustomView.swift in Sources */ = {isa = PBXBuildFile; fileRef = E3F1EAB125EACC9F00F34BDE /* SignupCustomView.swift */; };
		E3FCDF9B26406F3B009C45AB /* CreateDonation.swift in Sources */ = {isa = PBXBuildFile; fileRef = E3FCDF9A26406F3B009C45AB /* CreateDonation.swift */; };
		E3FCDFA1264072AB009C45AB /* CreateDonationResponse.swift in Sources */ = {isa = PBXBuildFile; fileRef = E3FCDFA0264072AB009C45AB /* CreateDonationResponse.swift */; };
		E3FCDFA72640741A009C45AB /* CreateDonationViewModel.swift in Sources */ = {isa = PBXBuildFile; fileRef = E3FCDFA62640741A009C45AB /* CreateDonationViewModel.swift */; };
/* End PBXBuildFile section */

/* Begin PBXFileReference section */
		32D37E13F8458BE37D6BCAC0 /* Pods-MobalMobal.release.xcconfig */ = {isa = PBXFileReference; includeInIndex = 1; lastKnownFileType = text.xcconfig; name = "Pods-MobalMobal.release.xcconfig"; path = "Target Support Files/Pods-MobalMobal/Pods-MobalMobal.release.xcconfig"; sourceTree = "<group>"; };
		3A035F1725EA4D8C00D3FB69 /* LoginViewController.swift */ = {isa = PBXFileReference; lastKnownFileType = sourcecode.swift; path = LoginViewController.swift; sourceTree = "<group>"; };
		3A179F4C25FB5A3900901436 /* DonateMoneyViewController.swift */ = {isa = PBXFileReference; lastKnownFileType = sourcecode.swift; path = DonateMoneyViewController.swift; sourceTree = "<group>"; };
		3A179F5125FB62B700901436 /* DonateMoneyTableViewCell.swift */ = {isa = PBXFileReference; lastKnownFileType = sourcecode.swift; path = DonateMoneyTableViewCell.swift; sourceTree = "<group>"; };
		3A179F5F25FB87AF00901436 /* InputDonationMoneyViewController.swift */ = {isa = PBXFileReference; lastKnownFileType = sourcecode.swift; path = InputDonationMoneyViewController.swift; sourceTree = "<group>"; };
		3A179F7625FBC84F00901436 /* UITextField+Extension.swift */ = {isa = PBXFileReference; lastKnownFileType = sourcecode.swift; path = "UITextField+Extension.swift"; sourceTree = "<group>"; };
		3A1BD71025ED26D00079D56D /* DonationDetailViewController.swift */ = {isa = PBXFileReference; lastKnownFileType = sourcecode.swift; path = DonationDetailViewController.swift; sourceTree = "<group>"; };
		3A1BD71C25F12F0C0079D56D /* DonationDetailViewController+Layout.swift */ = {isa = PBXFileReference; fileEncoding = 4; lastKnownFileType = sourcecode.swift; path = "DonationDetailViewController+Layout.swift"; sourceTree = "<group>"; };
		3A1BD72325F1583D0079D56D /* DetailParticipantsMoreButtonView.swift */ = {isa = PBXFileReference; lastKnownFileType = sourcecode.swift; path = DetailParticipantsMoreButtonView.swift; sourceTree = "<group>"; };
		3A1BD72F25F15EF20079D56D /* DetailParticipantsView.swift */ = {isa = PBXFileReference; fileEncoding = 4; lastKnownFileType = sourcecode.swift; path = DetailParticipantsView.swift; sourceTree = "<group>"; };
		3A1BD73025F15EF20079D56D /* DetailParticipantsProfileImageView.swift */ = {isa = PBXFileReference; fileEncoding = 4; lastKnownFileType = sourcecode.swift; path = DetailParticipantsProfileImageView.swift; sourceTree = "<group>"; };
		3A1BD74A25F373EA0079D56D /* MobalMobal.entitlements */ = {isa = PBXFileReference; lastKnownFileType = text.plist.entitlements; path = MobalMobal.entitlements; sourceTree = "<group>"; };
		3A1BD76825F539D20079D56D /* Spoqa Han Sans Neo Regular.otf */ = {isa = PBXFileReference; lastKnownFileType = file; path = "Spoqa Han Sans Neo Regular.otf"; sourceTree = "<group>"; };
		3A1BD76925F539D30079D56D /* Spoqa Han Sans Neo Light.otf */ = {isa = PBXFileReference; lastKnownFileType = file; path = "Spoqa Han Sans Neo Light.otf"; sourceTree = "<group>"; };
		3A1BD76A25F539D30079D56D /* Spoqa Han Sans Neo Bold.otf */ = {isa = PBXFileReference; lastKnownFileType = file; path = "Spoqa Han Sans Neo Bold.otf"; sourceTree = "<group>"; };
		3A1BD76B25F539D30079D56D /* Spoqa Han Sans Neo Thin.otf */ = {isa = PBXFileReference; lastKnownFileType = file; path = "Spoqa Han Sans Neo Thin.otf"; sourceTree = "<group>"; };
		3A1BD76C25F539D40079D56D /* Spoqa Han Sans Neo Medium.otf */ = {isa = PBXFileReference; lastKnownFileType = file; path = "Spoqa Han Sans Neo Medium.otf"; sourceTree = "<group>"; };
		3A1BD77B25F5443D0079D56D /* UIFont+Extension.swift */ = {isa = PBXFileReference; fileEncoding = 4; lastKnownFileType = sourcecode.swift; path = "UIFont+Extension.swift"; sourceTree = "<group>"; };
		3A1E6DC02620445A00FAF0CC /* UserInfo.swift */ = {isa = PBXFileReference; lastKnownFileType = sourcecode.swift; path = UserInfo.swift; sourceTree = "<group>"; };
		3A1E6DDC262065BF00FAF0CC /* DonateMoneyData.swift */ = {isa = PBXFileReference; lastKnownFileType = sourcecode.swift; path = DonateMoneyData.swift; sourceTree = "<group>"; };
		3A1E6DE82620D69E00FAF0CC /* DonateCompleteViewController.swift */ = {isa = PBXFileReference; lastKnownFileType = sourcecode.swift; path = DonateCompleteViewController.swift; sourceTree = "<group>"; };
		3A1E6DEC2620E59700FAF0CC /* MakeCompleteViewController.swift */ = {isa = PBXFileReference; lastKnownFileType = sourcecode.swift; path = MakeCompleteViewController.swift; sourceTree = "<group>"; };
		3A61D74E2637FF7800DC27CF /* Login+Firebase.swift */ = {isa = PBXFileReference; lastKnownFileType = sourcecode.swift; path = "Login+Firebase.swift"; sourceTree = "<group>"; };
		3A61D7522638000900DC27CF /* Login+Google.swift */ = {isa = PBXFileReference; lastKnownFileType = sourcecode.swift; path = "Login+Google.swift"; sourceTree = "<group>"; };
		3A61D7562638003B00DC27CF /* Login+Facebook.swift */ = {isa = PBXFileReference; lastKnownFileType = sourcecode.swift; path = "Login+Facebook.swift"; sourceTree = "<group>"; };
		3A61D75A263800A000DC27CF /* Login+Apple.swift */ = {isa = PBXFileReference; lastKnownFileType = sourcecode.swift; path = "Login+Apple.swift"; sourceTree = "<group>"; };
		3A61D7652638173E00DC27CF /* KeychainManager.swift */ = {isa = PBXFileReference; lastKnownFileType = sourcecode.swift; path = KeychainManager.swift; sourceTree = "<group>"; };
		3A6CFF3225EAEC7A00214E43 /* CustomLoginButton.swift */ = {isa = PBXFileReference; lastKnownFileType = sourcecode.swift; path = CustomLoginButton.swift; sourceTree = "<group>"; };
		3AB1CFD5260F7CB200EA94E8 /* UIViewController+Extension.swift */ = {isa = PBXFileReference; lastKnownFileType = sourcecode.swift; path = "UIViewController+Extension.swift"; sourceTree = "<group>"; };
		3AB1D0242610DB4700EA94E8 /* MainOngoingDonationHeaderView.swift */ = {isa = PBXFileReference; lastKnownFileType = sourcecode.swift; path = MainOngoingDonationHeaderView.swift; sourceTree = "<group>"; };
		3AB1D0362615DB1900EA94E8 /* LoginData.swift */ = {isa = PBXFileReference; lastKnownFileType = sourcecode.swift; path = LoginData.swift; sourceTree = "<group>"; };
		3AB1D03E2615DCB600EA94E8 /* LoginViewModel.swift */ = {isa = PBXFileReference; lastKnownFileType = sourcecode.swift; path = LoginViewModel.swift; sourceTree = "<group>"; };
		3AC393D8261CBC3D008BB207 /* DonationDetailViewModel.swift */ = {isa = PBXFileReference; lastKnownFileType = sourcecode.swift; path = DonationDetailViewModel.swift; sourceTree = "<group>"; };
		3AC39403261DBDF5008BB207 /* DonationDetailResponse.swift */ = {isa = PBXFileReference; lastKnownFileType = sourcecode.swift; path = DonationDetailResponse.swift; sourceTree = "<group>"; };
		3AC39406261DBF59008BB207 /* Int+Extension.swift */ = {isa = PBXFileReference; lastKnownFileType = sourcecode.swift; path = "Int+Extension.swift"; sourceTree = "<group>"; };
		3AC3940D261DF7FC008BB207 /* JSONDecoder+Extension.swift */ = {isa = PBXFileReference; lastKnownFileType = sourcecode.swift; path = "JSONDecoder+Extension.swift"; sourceTree = "<group>"; };
		3AC39410261DFBF2008BB207 /* Date+Extension.swift */ = {isa = PBXFileReference; lastKnownFileType = sourcecode.swift; path = "Date+Extension.swift"; sourceTree = "<group>"; };
		3AC39419261E2724008BB207 /* DonateMoneyViewModel.swift */ = {isa = PBXFileReference; lastKnownFileType = sourcecode.swift; path = DonateMoneyViewModel.swift; sourceTree = "<group>"; };
		4D46FEB426215F7B00471475 /* Logger.swift */ = {isa = PBXFileReference; lastKnownFileType = sourcecode.swift; path = Logger.swift; sourceTree = "<group>"; };
		4D46FEB72621607200471475 /* BaseViewController.swift */ = {isa = PBXFileReference; lastKnownFileType = sourcecode.swift; path = BaseViewController.swift; sourceTree = "<group>"; };
		4DBDB4E9261F542B00B5E08D /* DoneService.swift */ = {isa = PBXFileReference; lastKnownFileType = sourcecode.swift; path = DoneService.swift; sourceTree = "<group>"; };
		4DBDB4F1261F593F00B5E08D /* MainViewModel.swift */ = {isa = PBXFileReference; lastKnownFileType = sourcecode.swift; path = MainViewModel.swift; sourceTree = "<group>"; };
		4DBDB4F4261F59A500B5E08D /* DoneProvider.swift */ = {isa = PBXFileReference; lastKnownFileType = sourcecode.swift; path = DoneProvider.swift; sourceTree = "<group>"; };
		4DBDB4F7261F614F00B5E08D /* NetworkProvider.swift */ = {isa = PBXFileReference; lastKnownFileType = sourcecode.swift; path = NetworkProvider.swift; sourceTree = "<group>"; };
		4DBDB4FB261F623600B5E08D /* MainResponse.swift */ = {isa = PBXFileReference; lastKnownFileType = sourcecode.swift; path = MainResponse.swift; sourceTree = "<group>"; };
		5A5C411755E7FEF436016D7E /* Pods_MobalMobal.framework */ = {isa = PBXFileReference; explicitFileType = wrapper.framework; includeInIndex = 0; path = Pods_MobalMobal.framework; sourceTree = BUILT_PRODUCTS_DIR; };
		61483D18A64727D4EAFF1EDD /* Pods-MobalMobal.debug.xcconfig */ = {isa = PBXFileReference; includeInIndex = 1; lastKnownFileType = text.xcconfig; name = "Pods-MobalMobal.debug.xcconfig"; path = "Target Support Files/Pods-MobalMobal/Pods-MobalMobal.debug.xcconfig"; sourceTree = "<group>"; };
		7C04535525EA949B00870761 /* ProfileViewController.swift */ = {isa = PBXFileReference; lastKnownFileType = sourcecode.swift; path = ProfileViewController.swift; sourceTree = "<group>"; };
		7C04535925EA98B900870761 /* ProfileTableViewCell.swift */ = {isa = PBXFileReference; lastKnownFileType = sourcecode.swift; path = ProfileTableViewCell.swift; sourceTree = "<group>"; };
		7C04535C25EAA2C000870761 /* ProfileMyDonationTableViewCell.swift */ = {isa = PBXFileReference; lastKnownFileType = sourcecode.swift; path = ProfileMyDonationTableViewCell.swift; sourceTree = "<group>"; };
		7C04535F25EAA2DC00870761 /* ProfileDonatingTableViewCell.swift */ = {isa = PBXFileReference; lastKnownFileType = sourcecode.swift; path = ProfileDonatingTableViewCell.swift; sourceTree = "<group>"; };
		7C04536425EAAA3B00870761 /* UIColor+Additions.swift */ = {isa = PBXFileReference; lastKnownFileType = sourcecode.swift; path = "UIColor+Additions.swift"; sourceTree = "<group>"; };
		7C062D9E2621111000F5D58D /* WebviewController.swift */ = {isa = PBXFileReference; lastKnownFileType = sourcecode.swift; path = WebviewController.swift; sourceTree = "<group>"; };
		7C30C23A2617548E00567520 /* ProfileResponse.swift */ = {isa = PBXFileReference; lastKnownFileType = sourcecode.swift; path = ProfileResponse.swift; sourceTree = "<group>"; };
		7C30C23E2617588500567520 /* ProfileViewModel.swift */ = {isa = PBXFileReference; lastKnownFileType = sourcecode.swift; path = ProfileViewModel.swift; sourceTree = "<group>"; };
		7C30C2DA261AA8F500567520 /* MydonationResponse.swift */ = {isa = PBXFileReference; lastKnownFileType = sourcecode.swift; path = MydonationResponse.swift; sourceTree = "<group>"; };
		7C30C344261DB5C400567520 /* ProfileCellViewModel.swift */ = {isa = PBXFileReference; lastKnownFileType = sourcecode.swift; path = ProfileCellViewModel.swift; sourceTree = "<group>"; };
		7C30C347261E163D00567520 /* ProfileMydonationViewModel.swift */ = {isa = PBXFileReference; lastKnownFileType = sourcecode.swift; path = ProfileMydonationViewModel.swift; sourceTree = "<group>"; };
		7C30C34A261E282300567520 /* ProfileDonatingViewModel.swift */ = {isa = PBXFileReference; lastKnownFileType = sourcecode.swift; path = ProfileDonatingViewModel.swift; sourceTree = "<group>"; };
		7C36DF4525F2014E001C2DBB /* InputChargingPointViewController.swift */ = {isa = PBXFileReference; lastKnownFileType = sourcecode.swift; path = InputChargingPointViewController.swift; sourceTree = "<group>"; };
		7C39979025F75B5900EA82C2 /* SuccessChargingViewController.swift */ = {isa = PBXFileReference; lastKnownFileType = sourcecode.swift; path = SuccessChargingViewController.swift; sourceTree = "<group>"; };
		7C39985C25FA51AA00EA82C2 /* AccountViewController.swift */ = {isa = PBXFileReference; lastKnownFileType = sourcecode.swift; path = AccountViewController.swift; sourceTree = "<group>"; };
		7C4B1A52266DF558001DA144 /* MyAccountViewModel.swift */ = {isa = PBXFileReference; lastKnownFileType = sourcecode.swift; path = MyAccountViewModel.swift; sourceTree = "<group>"; };
		7C61AEC825EA4CC200D9149F /* PointChargingViewController.swift */ = {isa = PBXFileReference; lastKnownFileType = sourcecode.swift; path = PointChargingViewController.swift; sourceTree = "<group>"; };
		7C61AED125EA4FA300D9149F /* PointChargingTableViewCell.swift */ = {isa = PBXFileReference; lastKnownFileType = sourcecode.swift; path = PointChargingTableViewCell.swift; sourceTree = "<group>"; };
		7C842F9F2606267400A66756 /* ModifyProfileViewController.swift */ = {isa = PBXFileReference; lastKnownFileType = sourcecode.swift; path = ModifyProfileViewController.swift; sourceTree = "<group>"; };
		7C842FA226063FB100A66756 /* ModifyProfileCustomView.swift */ = {isa = PBXFileReference; lastKnownFileType = sourcecode.swift; path = ModifyProfileCustomView.swift; sourceTree = "<group>"; };
		7C8BF1882620AFED008A491C /* MyDonateResponse.swift */ = {isa = PBXFileReference; lastKnownFileType = sourcecode.swift; path = MyDonateResponse.swift; sourceTree = "<group>"; };
		7CC7C08A261F1CAD0038900A /* InputChargingPointViewModel.swift */ = {isa = PBXFileReference; lastKnownFileType = sourcecode.swift; path = InputChargingPointViewModel.swift; sourceTree = "<group>"; };
		7CC7C08E261F20680038900A /* InputChargingPointModel.swift */ = {isa = PBXFileReference; lastKnownFileType = sourcecode.swift; path = InputChargingPointModel.swift; sourceTree = "<group>"; };
		7CE63717263C5D32008AE55E /* MyAccountViewController.swift */ = {isa = PBXFileReference; lastKnownFileType = sourcecode.swift; path = MyAccountViewController.swift; sourceTree = "<group>"; };
		D70C37C525E103DD00898271 /* MobalMobal.app */ = {isa = PBXFileReference; explicitFileType = wrapper.application; includeInIndex = 0; path = MobalMobal.app; sourceTree = BUILT_PRODUCTS_DIR; };
		D70C37C825E103DD00898271 /* AppDelegate.swift */ = {isa = PBXFileReference; lastKnownFileType = sourcecode.swift; path = AppDelegate.swift; sourceTree = "<group>"; };
		D70C37CA25E103DD00898271 /* SceneDelegate.swift */ = {isa = PBXFileReference; lastKnownFileType = sourcecode.swift; path = SceneDelegate.swift; sourceTree = "<group>"; };
		D70C37CC25E103DD00898271 /* ViewController.swift */ = {isa = PBXFileReference; lastKnownFileType = sourcecode.swift; path = ViewController.swift; sourceTree = "<group>"; };
		D70C37CF25E103DD00898271 /* Base */ = {isa = PBXFileReference; lastKnownFileType = file.storyboard; name = Base; path = Base.lproj/Main.storyboard; sourceTree = "<group>"; };
		D70C37D125E103DE00898271 /* Assets.xcassets */ = {isa = PBXFileReference; lastKnownFileType = folder.assetcatalog; path = Assets.xcassets; sourceTree = "<group>"; };
		D70C37D425E103DE00898271 /* Base */ = {isa = PBXFileReference; lastKnownFileType = file.storyboard; name = Base; path = Base.lproj/LaunchScreen.storyboard; sourceTree = "<group>"; };
		D70C37D625E103DE00898271 /* Info.plist */ = {isa = PBXFileReference; lastKnownFileType = text.plist.xml; path = Info.plist; sourceTree = "<group>"; };
		D70C37DD25E103F100898271 /* .swiftlint.yml */ = {isa = PBXFileReference; lastKnownFileType = text.yaml; path = .swiftlint.yml; sourceTree = "<group>"; };
		D7147D6B25E76A1900AA0878 /* GoogleService-Info.plist */ = {isa = PBXFileReference; fileEncoding = 4; lastKnownFileType = text.plist.xml; path = "GoogleService-Info.plist"; sourceTree = "<group>"; };
		D7147D6E25E7718A00AA0878 /* MobalMobalDebug.entitlements */ = {isa = PBXFileReference; lastKnownFileType = text.plist.entitlements; path = MobalMobalDebug.entitlements; sourceTree = "<group>"; };
		D7AC0C9425EAB9E2000A342A /* MainMyDonationCollectionViewCell.swift */ = {isa = PBXFileReference; lastKnownFileType = sourcecode.swift; path = MainMyDonationCollectionViewCell.swift; sourceTree = "<group>"; };
		D7AC0C9825EACAC8000A342A /* MainAddMyDonationCollectionViewCell.swift */ = {isa = PBXFileReference; lastKnownFileType = sourcecode.swift; path = MainAddMyDonationCollectionViewCell.swift; sourceTree = "<group>"; };
		D7AC0C9C25EACF9A000A342A /* MainMyOngoingDonationCollectionViewCell.swift */ = {isa = PBXFileReference; lastKnownFileType = sourcecode.swift; path = MainMyOngoingDonationCollectionViewCell.swift; sourceTree = "<group>"; };
		D7AC0CA225EAF8F9000A342A /* MainOngoingDonationCollectionViewCell.swift */ = {isa = PBXFileReference; lastKnownFileType = sourcecode.swift; path = MainOngoingDonationCollectionViewCell.swift; sourceTree = "<group>"; };
		D7E44EF025EA5149007FDB4F /* MainViewController.swift */ = {isa = PBXFileReference; lastKnownFileType = sourcecode.swift; path = MainViewController.swift; sourceTree = "<group>"; };
		D9A4E1402620DD8600539C27 /* MainIndicatorCollectionViewCell.swift */ = {isa = PBXFileReference; lastKnownFileType = sourcecode.swift; path = MainIndicatorCollectionViewCell.swift; sourceTree = "<group>"; };
		E30C23D72643077F008B623E /* UIScreen.swift */ = {isa = PBXFileReference; lastKnownFileType = sourcecode.swift; path = UIScreen.swift; sourceTree = "<group>"; };
		E33452E226446DA100F54A95 /* NetworkErrorViewController.swift */ = {isa = PBXFileReference; lastKnownFileType = sourcecode.swift; path = NetworkErrorViewController.swift; sourceTree = "<group>"; };
		E359440D260F125D0078903E /* CreateDonationViewController.swift */ = {isa = PBXFileReference; lastKnownFileType = sourcecode.swift; path = CreateDonationViewController.swift; sourceTree = "<group>"; };
		E365FBBC26210B480036617A /* CreateDonationViewController2.swift */ = {isa = PBXFileReference; lastKnownFileType = sourcecode.swift; path = CreateDonationViewController2.swift; sourceTree = "<group>"; };
		E365FBC226210EFA0036617A /* CreateDonation.storyboard */ = {isa = PBXFileReference; lastKnownFileType = file.storyboard; path = CreateDonation.storyboard; sourceTree = "<group>"; };
		E365FBC826232D050036617A /* SignupUser.swift */ = {isa = PBXFileReference; lastKnownFileType = sourcecode.swift; path = SignupUser.swift; sourceTree = "<group>"; };
		E365FBD1262345360036617A /* SignupViewModel.swift */ = {isa = PBXFileReference; lastKnownFileType = sourcecode.swift; path = SignupViewModel.swift; sourceTree = "<group>"; };
		E3692D1C25F4F9C500755FBF /* UIView+Extension.swift */ = {isa = PBXFileReference; lastKnownFileType = sourcecode.swift; path = "UIView+Extension.swift"; sourceTree = "<group>"; };
		E3F1EA7725EA4B0600F34BDE /* SignupViewController.swift */ = {isa = PBXFileReference; lastKnownFileType = sourcecode.swift; path = SignupViewController.swift; sourceTree = "<group>"; };
		E3F1EA8325EA552800F34BDE /* SettingViewController.swift */ = {isa = PBXFileReference; lastKnownFileType = sourcecode.swift; path = SettingViewController.swift; sourceTree = "<group>"; };
		E3F1EAB125EACC9F00F34BDE /* SignupCustomView.swift */ = {isa = PBXFileReference; lastKnownFileType = sourcecode.swift; path = SignupCustomView.swift; sourceTree = "<group>"; };
		E3FCDF9A26406F3B009C45AB /* CreateDonation.swift */ = {isa = PBXFileReference; lastKnownFileType = sourcecode.swift; path = CreateDonation.swift; sourceTree = "<group>"; };
		E3FCDFA0264072AB009C45AB /* CreateDonationResponse.swift */ = {isa = PBXFileReference; lastKnownFileType = sourcecode.swift; path = CreateDonationResponse.swift; sourceTree = "<group>"; };
		E3FCDFA62640741A009C45AB /* CreateDonationViewModel.swift */ = {isa = PBXFileReference; lastKnownFileType = sourcecode.swift; path = CreateDonationViewModel.swift; sourceTree = "<group>"; };
/* End PBXFileReference section */

/* Begin PBXFrameworksBuildPhase section */
		D70C37C225E103DD00898271 /* Frameworks */ = {
			isa = PBXFrameworksBuildPhase;
			buildActionMask = 2147483647;
			files = (
				4DBDB4E4261F53C900B5E08D /* Moya in Frameworks */,
				D7147D6925E768B800AA0878 /* Toast in Frameworks */,
				D7147D4925E763DC00AA0878 /* FirebaseMessaging in Frameworks */,
				D7147D6525E7686800AA0878 /* FacebookCore in Frameworks */,
				D7147D4325E763DC00AA0878 /* FirebaseDatabase in Frameworks */,
				D7147D4F25E763DC00AA0878 /* FirebaseInAppMessaging-Beta in Frameworks */,
				6A7F9880C2DD6C6782A998EE /* Pods_MobalMobal.framework in Frameworks */,
				D7147D4725E763DC00AA0878 /* FirebaseCrashlytics in Frameworks */,
				D7147D5F25E766CC00AA0878 /* Then in Frameworks */,
				D7147D5325E7646500AA0878 /* Alamofire in Frameworks */,
				D7147D4525E763DC00AA0878 /* FirebaseAnalytics in Frameworks */,
				D7147D4B25E763DC00AA0878 /* FirebaseAuth in Frameworks */,
				D7147D5725E7661100AA0878 /* Kingfisher in Frameworks */,
				D7147D5B25E7667A00AA0878 /* SnapKit in Frameworks */,
				D7147D4125E763DC00AA0878 /* FirebaseDynamicLinks in Frameworks */,
				D7147D6325E7686800AA0878 /* FacebookLogin in Frameworks */,
				D7147D4D25E763DC00AA0878 /* FirebaseRemoteConfig in Frameworks */,
			);
			runOnlyForDeploymentPostprocessing = 0;
		};
/* End PBXFrameworksBuildPhase section */

/* Begin PBXGroup section */
		3A035F1625EA4D6000D3FB69 /* Login */ = {
			isa = PBXGroup;
			children = (
				3A035F1725EA4D8C00D3FB69 /* LoginViewController.swift */,
				3A61D74E2637FF7800DC27CF /* Login+Firebase.swift */,
				3A61D7522638000900DC27CF /* Login+Google.swift */,
				3A61D7562638003B00DC27CF /* Login+Facebook.swift */,
				3A61D75A263800A000DC27CF /* Login+Apple.swift */,
				3AB1D0352615DAF300EA94E8 /* Model */,
				3A1E6DD02620557100FAF0CC /* View */,
				3A1E6DD12620557B00FAF0CC /* ViewModel */,
			);
			path = Login;
			sourceTree = "<group>";
		};
		3A179F4B25FB5A2100901436 /* DonateMoney */ = {
			isa = PBXGroup;
			children = (
				3AC39423261E28C3008BB207 /* Model */,
				3A179F5025FB629F00901436 /* cell */,
				3A179F4C25FB5A3900901436 /* DonateMoneyViewController.swift */,
				3AC39419261E2724008BB207 /* DonateMoneyViewModel.swift */,
			);
			path = DonateMoney;
			sourceTree = "<group>";
		};
		3A179F5025FB629F00901436 /* cell */ = {
			isa = PBXGroup;
			children = (
				3A179F5125FB62B700901436 /* DonateMoneyTableViewCell.swift */,
			);
			path = cell;
			sourceTree = "<group>";
		};
		3A179F5E25FB878F00901436 /* InputDonationMoney */ = {
			isa = PBXGroup;
			children = (
				3A179F5F25FB87AF00901436 /* InputDonationMoneyViewController.swift */,
			);
			path = InputDonationMoney;
			sourceTree = "<group>";
		};
		3A1BD70F25ED26970079D56D /* DonationDetail */ = {
			isa = PBXGroup;
			children = (
				3AC393E8261D9DA0008BB207 /* Model */,
				3A1BD72225F157FD0079D56D /* CustomViews */,
				3A1BD71025ED26D00079D56D /* DonationDetailViewController.swift */,
				3A1BD71C25F12F0C0079D56D /* DonationDetailViewController+Layout.swift */,
				3AC393D8261CBC3D008BB207 /* DonationDetailViewModel.swift */,
			);
			path = DonationDetail;
			sourceTree = "<group>";
		};
		3A1BD72225F157FD0079D56D /* CustomViews */ = {
			isa = PBXGroup;
			children = (
				3A1BD73025F15EF20079D56D /* DetailParticipantsProfileImageView.swift */,
				3A1BD72325F1583D0079D56D /* DetailParticipantsMoreButtonView.swift */,
				3A1BD72F25F15EF20079D56D /* DetailParticipantsView.swift */,
			);
			path = CustomViews;
			sourceTree = "<group>";
		};
		3A1BD76625F5397F0079D56D /* Fonts */ = {
			isa = PBXGroup;
			children = (
				3A1BD76A25F539D30079D56D /* Spoqa Han Sans Neo Bold.otf */,
				3A1BD76925F539D30079D56D /* Spoqa Han Sans Neo Light.otf */,
				3A1BD76C25F539D40079D56D /* Spoqa Han Sans Neo Medium.otf */,
				3A1BD76825F539D20079D56D /* Spoqa Han Sans Neo Regular.otf */,
				3A1BD76B25F539D30079D56D /* Spoqa Han Sans Neo Thin.otf */,
			);
			path = Fonts;
			sourceTree = "<group>";
		};
		3A1E6DBF2620444A00FAF0CC /* Common */ = {
			isa = PBXGroup;
			children = (
				3A61D7652638173E00DC27CF /* KeychainManager.swift */,
				3A1E6DC02620445A00FAF0CC /* UserInfo.swift */,
				4D46FEB426215F7B00471475 /* Logger.swift */,
				4D46FEB72621607200471475 /* BaseViewController.swift */,
			);
			path = Common;
			sourceTree = "<group>";
		};
		3A1E6DD02620557100FAF0CC /* View */ = {
			isa = PBXGroup;
			children = (
				3A6CFF3225EAEC7A00214E43 /* CustomLoginButton.swift */,
			);
			path = View;
			sourceTree = "<group>";
		};
		3A1E6DD12620557B00FAF0CC /* ViewModel */ = {
			isa = PBXGroup;
			children = (
				3AB1D03E2615DCB600EA94E8 /* LoginViewModel.swift */,
			);
			path = ViewModel;
			sourceTree = "<group>";
		};
		3A1E6DE72620D67C00FAF0CC /* DonateComplete */ = {
			isa = PBXGroup;
			children = (
				3A1E6DE82620D69E00FAF0CC /* DonateCompleteViewController.swift */,
			);
			path = DonateComplete;
			sourceTree = "<group>";
		};
		3A1E6DEB2620E52400FAF0CC /* MakeComplete */ = {
			isa = PBXGroup;
			children = (
				3A1E6DEC2620E59700FAF0CC /* MakeCompleteViewController.swift */,
			);
			path = MakeComplete;
			sourceTree = "<group>";
		};
		3AB1D0352615DAF300EA94E8 /* Model */ = {
			isa = PBXGroup;
			children = (
				3AB1D0362615DB1900EA94E8 /* LoginData.swift */,
			);
			path = Model;
			sourceTree = "<group>";
		};
		3AC393E8261D9DA0008BB207 /* Model */ = {
			isa = PBXGroup;
			children = (
				3AC39403261DBDF5008BB207 /* DonationDetailResponse.swift */,
			);
			path = Model;
			sourceTree = "<group>";
		};
		3AC39423261E28C3008BB207 /* Model */ = {
			isa = PBXGroup;
			children = (
				3A1E6DDC262065BF00FAF0CC /* DonateMoneyData.swift */,
			);
			path = Model;
			sourceTree = "<group>";
		};
		4DBDB4E6261F540200B5E08D /* Network */ = {
			isa = PBXGroup;
			children = (
				4DBDB4E9261F542B00B5E08D /* DoneService.swift */,
				4DBDB4F4261F59A500B5E08D /* DoneProvider.swift */,
				4DBDB4F7261F614F00B5E08D /* NetworkProvider.swift */,
				E33452E226446DA100F54A95 /* NetworkErrorViewController.swift */,
			);
			path = Network;
			sourceTree = "<group>";
		};
		4DBDB4FA261F622900B5E08D /* Model */ = {
			isa = PBXGroup;
			children = (
				4DBDB4FB261F623600B5E08D /* MainResponse.swift */,
			);
			path = Model;
			sourceTree = "<group>";
		};
		7C04535225EA942F00870761 /* Profile */ = {
			isa = PBXGroup;
			children = (
				7C30C23D2617586A00567520 /* ViewModel */,
				7C30C2382617542B00567520 /* Model */,
				7C04535425EA945300870761 /* Cell */,
				7C04535325EA943400870761 /* ViewController */,
			);
			path = Profile;
			sourceTree = "<group>";
		};
		7C04535325EA943400870761 /* ViewController */ = {
			isa = PBXGroup;
			children = (
				7C04535525EA949B00870761 /* ProfileViewController.swift */,
			);
			path = ViewController;
			sourceTree = "<group>";
		};
		7C04535425EA945300870761 /* Cell */ = {
			isa = PBXGroup;
			children = (
				7C04535925EA98B900870761 /* ProfileTableViewCell.swift */,
				7C04535C25EAA2C000870761 /* ProfileMyDonationTableViewCell.swift */,
				7C04535F25EAA2DC00870761 /* ProfileDonatingTableViewCell.swift */,
			);
			path = Cell;
			sourceTree = "<group>";
		};
		7C04536325EAAA2400870761 /* Extension */ = {
			isa = PBXGroup;
			children = (
				7C04536425EAAA3B00870761 /* UIColor+Additions.swift */,
				E3692D1C25F4F9C500755FBF /* UIView+Extension.swift */,
				3A1BD77B25F5443D0079D56D /* UIFont+Extension.swift */,
				3A179F7625FBC84F00901436 /* UITextField+Extension.swift */,
				3AB1CFD5260F7CB200EA94E8 /* UIViewController+Extension.swift */,
				3AC39406261DBF59008BB207 /* Int+Extension.swift */,
				3AC3940D261DF7FC008BB207 /* JSONDecoder+Extension.swift */,
				3AC39410261DFBF2008BB207 /* Date+Extension.swift */,
				E30C23D72643077F008B623E /* UIScreen.swift */,
			);
			path = Extension;
			sourceTree = "<group>";
		};
		7C30C2382617542B00567520 /* Model */ = {
			isa = PBXGroup;
			children = (
				7C30C23A2617548E00567520 /* ProfileResponse.swift */,
				7C30C2DA261AA8F500567520 /* MydonationResponse.swift */,
				7C8BF1882620AFED008A491C /* MyDonateResponse.swift */,
			);
			path = Model;
			sourceTree = "<group>";
		};
		7C30C23D2617586A00567520 /* ViewModel */ = {
			isa = PBXGroup;
			children = (
				7C30C23E2617588500567520 /* ProfileViewModel.swift */,
				7C30C344261DB5C400567520 /* ProfileCellViewModel.swift */,
				7C30C347261E163D00567520 /* ProfileMydonationViewModel.swift */,
				7C30C34A261E282300567520 /* ProfileDonatingViewModel.swift */,
			);
			path = ViewModel;
			sourceTree = "<group>";
		};
		7C36DF4325F20129001C2DBB /* InputChargingPoint */ = {
			isa = PBXGroup;
			children = (
				7CC7C089261F1C8C0038900A /* ViewController */,
			);
			path = InputChargingPoint;
			sourceTree = "<group>";
		};
		7C39978F25F75B3700EA82C2 /* SuccessCharging */ = {
			isa = PBXGroup;
			children = (
				7C39979025F75B5900EA82C2 /* SuccessChargingViewController.swift */,
			);
			path = SuccessCharging;
			sourceTree = "<group>";
		};
		7C39985B25FA517900EA82C2 /* Account */ = {
			isa = PBXGroup;
			children = (
				7C39985C25FA51AA00EA82C2 /* AccountViewController.swift */,
			);
			path = Account;
			sourceTree = "<group>";
		};
		7C61AECB25EA4CC900D9149F /* PointCharging */ = {
			isa = PBXGroup;
			children = (
				7C8BF18326208F65008A491C /* ViewModel */,
				7C8BF18426208F6A008A491C /* Model */,
				7C36DF4325F20129001C2DBB /* InputChargingPoint */,
				7C61AEC825EA4CC200D9149F /* PointChargingViewController.swift */,
				7C61AED125EA4FA300D9149F /* PointChargingTableViewCell.swift */,
			);
			path = PointCharging;
			sourceTree = "<group>";
		};
		7C842F9C2606265900A66756 /* ModifyProfile */ = {
			isa = PBXGroup;
			children = (
				7C842F9F2606267400A66756 /* ModifyProfileViewController.swift */,
				7C842FA226063FB100A66756 /* ModifyProfileCustomView.swift */,
			);
			path = ModifyProfile;
			sourceTree = "<group>";
		};
		7C8BF18326208F65008A491C /* ViewModel */ = {
			isa = PBXGroup;
			children = (
				7CC7C08A261F1CAD0038900A /* InputChargingPointViewModel.swift */,
			);
			path = ViewModel;
			sourceTree = "<group>";
		};
		7C8BF18426208F6A008A491C /* Model */ = {
			isa = PBXGroup;
			children = (
				7CC7C08E261F20680038900A /* InputChargingPointModel.swift */,
			);
			path = Model;
			sourceTree = "<group>";
		};
		7CC7C089261F1C8C0038900A /* ViewController */ = {
			isa = PBXGroup;
			children = (
				7C36DF4525F2014E001C2DBB /* InputChargingPointViewController.swift */,
			);
			path = ViewController;
			sourceTree = "<group>";
		};
		C838D65354D003A3D43925F2 /* Pods */ = {
			isa = PBXGroup;
			children = (
				61483D18A64727D4EAFF1EDD /* Pods-MobalMobal.debug.xcconfig */,
				32D37E13F8458BE37D6BCAC0 /* Pods-MobalMobal.release.xcconfig */,
			);
			path = Pods;
			sourceTree = "<group>";
		};
		D70C37BC25E103DD00898271 = {
			isa = PBXGroup;
			children = (
				D70C37DD25E103F100898271 /* .swiftlint.yml */,
				D70C37C725E103DD00898271 /* MobalMobal */,
				D70C37C625E103DD00898271 /* Products */,
				C838D65354D003A3D43925F2 /* Pods */,
				EA3589F72EB11296D9C5D06E /* Frameworks */,
			);
			sourceTree = "<group>";
		};
		D70C37C625E103DD00898271 /* Products */ = {
			isa = PBXGroup;
			children = (
				D70C37C525E103DD00898271 /* MobalMobal.app */,
			);
			name = Products;
			sourceTree = "<group>";
		};
		D70C37C725E103DD00898271 /* MobalMobal */ = {
			isa = PBXGroup;
			children = (
				3A1E6DEB2620E52400FAF0CC /* MakeComplete */,
				E359440C260F124F0078903E /* CreateDonation */,
				3A1E6DBF2620444A00FAF0CC /* Common */,
				4DBDB4E6261F540200B5E08D /* Network */,
				E3F1EA8025EA551F00F34BDE /* Setting */,
				D7E44EEF25EA5133007FDB4F /* Main */,
				3A179F4B25FB5A2100901436 /* DonateMoney */,
				3A179F5E25FB878F00901436 /* InputDonationMoney */,
				3A1E6DE72620D67C00FAF0CC /* DonateComplete */,
				7C842F9C2606265900A66756 /* ModifyProfile */,
				3A1BD70F25ED26970079D56D /* DonationDetail */,
				7C39978F25F75B3700EA82C2 /* SuccessCharging */,
				7C39985B25FA517900EA82C2 /* Account */,
				3A1BD76625F5397F0079D56D /* Fonts */,
				7C61AECB25EA4CC900D9149F /* PointCharging */,
				E3F1EA7625EA4AE800F34BDE /* Signup */,
				3A035F1625EA4D6000D3FB69 /* Login */,
				7C04535225EA942F00870761 /* Profile */,
				7C04536325EAAA2400870761 /* Extension */,
				3A1BD74A25F373EA0079D56D /* MobalMobal.entitlements */,
				D7147D6E25E7718A00AA0878 /* MobalMobalDebug.entitlements */,
				D70C37C825E103DD00898271 /* AppDelegate.swift */,
				D70C37CA25E103DD00898271 /* SceneDelegate.swift */,
				D70C37CC25E103DD00898271 /* ViewController.swift */,
				D70C37CE25E103DD00898271 /* Main.storyboard */,
				D70C37D325E103DE00898271 /* LaunchScreen.storyboard */,
				D70C37D125E103DE00898271 /* Assets.xcassets */,
				D7147D6B25E76A1900AA0878 /* GoogleService-Info.plist */,
				D70C37D625E103DE00898271 /* Info.plist */,
			);
			path = MobalMobal;
			sourceTree = "<group>";
		};
		D7AC0C9325EAB610000A342A /* cell */ = {
			isa = PBXGroup;
			children = (
				D7AC0C9425EAB9E2000A342A /* MainMyDonationCollectionViewCell.swift */,
				D7AC0C9825EACAC8000A342A /* MainAddMyDonationCollectionViewCell.swift */,
				D7AC0C9C25EACF9A000A342A /* MainMyOngoingDonationCollectionViewCell.swift */,
				D7AC0CA225EAF8F9000A342A /* MainOngoingDonationCollectionViewCell.swift */,
				3AB1D0242610DB4700EA94E8 /* MainOngoingDonationHeaderView.swift */,
				D9A4E1402620DD8600539C27 /* MainIndicatorCollectionViewCell.swift */,
			);
			path = cell;
			sourceTree = "<group>";
		};
		D7E44EEF25EA5133007FDB4F /* Main */ = {
			isa = PBXGroup;
			children = (
				4DBDB4FA261F622900B5E08D /* Model */,
				D7AC0C9325EAB610000A342A /* cell */,
				D7E44EF025EA5149007FDB4F /* MainViewController.swift */,
				4DBDB4F1261F593F00B5E08D /* MainViewModel.swift */,
			);
			path = Main;
			sourceTree = "<group>";
		};
		E359440C260F124F0078903E /* CreateDonation */ = {
			isa = PBXGroup;
			children = (
				E3FCDFA42640740D009C45AB /* ViewModel */,
				E3FCDF9926406F0B009C45AB /* Entity */,
				E359440D260F125D0078903E /* CreateDonationViewController.swift */,
				E365FBBC26210B480036617A /* CreateDonationViewController2.swift */,
				E365FBC226210EFA0036617A /* CreateDonation.storyboard */,
			);
			path = CreateDonation;
			sourceTree = "<group>";
		};
		E365FBC726232CBD0036617A /* Entity */ = {
			isa = PBXGroup;
			children = (
				E365FBC826232D050036617A /* SignupUser.swift */,
			);
			path = Entity;
			sourceTree = "<group>";
		};
		E365FBCF2623452C0036617A /* ViewModel */ = {
			isa = PBXGroup;
			children = (
				E365FBD1262345360036617A /* SignupViewModel.swift */,
			);
			path = ViewModel;
			sourceTree = "<group>";
		};
		E3F1EA7625EA4AE800F34BDE /* Signup */ = {
			isa = PBXGroup;
			children = (
				E365FBCF2623452C0036617A /* ViewModel */,
				E365FBC726232CBD0036617A /* Entity */,
				E3F1EA7725EA4B0600F34BDE /* SignupViewController.swift */,
				E3F1EAB125EACC9F00F34BDE /* SignupCustomView.swift */,
			);
			path = Signup;
			sourceTree = "<group>";
		};
		E3F1EA8025EA551F00F34BDE /* Setting */ = {
			isa = PBXGroup;
			children = (
				E3F1EA8325EA552800F34BDE /* SettingViewController.swift */,
				7C062D9E2621111000F5D58D /* WebviewController.swift */,
				7CE63717263C5D32008AE55E /* MyAccountViewController.swift */,
				7C4B1A52266DF558001DA144 /* MyAccountViewModel.swift */,
			);
			path = Setting;
			sourceTree = "<group>";
		};
		E3FCDF9926406F0B009C45AB /* Entity */ = {
			isa = PBXGroup;
			children = (
				E3FCDF9A26406F3B009C45AB /* CreateDonation.swift */,
				E3FCDFA0264072AB009C45AB /* CreateDonationResponse.swift */,
			);
			path = Entity;
			sourceTree = "<group>";
		};
		E3FCDFA42640740D009C45AB /* ViewModel */ = {
			isa = PBXGroup;
			children = (
				E3FCDFA62640741A009C45AB /* CreateDonationViewModel.swift */,
			);
			path = ViewModel;
			sourceTree = "<group>";
		};
		EA3589F72EB11296D9C5D06E /* Frameworks */ = {
			isa = PBXGroup;
			children = (
				5A5C411755E7FEF436016D7E /* Pods_MobalMobal.framework */,
			);
			name = Frameworks;
			sourceTree = "<group>";
		};
/* End PBXGroup section */

/* Begin PBXNativeTarget section */
		D70C37C425E103DD00898271 /* MobalMobal */ = {
			isa = PBXNativeTarget;
			buildConfigurationList = D70C37D925E103DE00898271 /* Build configuration list for PBXNativeTarget "MobalMobal" */;
			buildPhases = (
				84F3F05E72455AC321E09A11 /* [CP] Check Pods Manifest.lock */,
				D70C37C125E103DD00898271 /* Sources */,
				D70C37C225E103DD00898271 /* Frameworks */,
				D70C37C325E103DD00898271 /* Resources */,
				D70C37E025E1041D00898271 /* Run SwiftLint */,
				4F43463B447430E17A7A7E30 /* [CP] Embed Pods Frameworks */,
				9F68754E97333593B4BF85AE /* [CP] Copy Pods Resources */,
			);
			buildRules = (
			);
			dependencies = (
			);
			name = MobalMobal;
			packageProductDependencies = (
				D7147D4025E763DC00AA0878 /* FirebaseDynamicLinks */,
				D7147D4225E763DC00AA0878 /* FirebaseDatabase */,
				D7147D4425E763DC00AA0878 /* FirebaseAnalytics */,
				D7147D4625E763DC00AA0878 /* FirebaseCrashlytics */,
				D7147D4825E763DC00AA0878 /* FirebaseMessaging */,
				D7147D4A25E763DC00AA0878 /* FirebaseAuth */,
				D7147D4C25E763DC00AA0878 /* FirebaseRemoteConfig */,
				D7147D4E25E763DC00AA0878 /* FirebaseInAppMessaging-Beta */,
				D7147D5225E7646500AA0878 /* Alamofire */,
				D7147D5625E7661100AA0878 /* Kingfisher */,
				D7147D5A25E7667A00AA0878 /* SnapKit */,
				D7147D5E25E766CC00AA0878 /* Then */,
				D7147D6225E7686800AA0878 /* FacebookLogin */,
				D7147D6425E7686800AA0878 /* FacebookCore */,
				D7147D6825E768B800AA0878 /* Toast */,
				4DBDB4E3261F53C900B5E08D /* Moya */,
			);
			productName = MobalMobal;
			productReference = D70C37C525E103DD00898271 /* MobalMobal.app */;
			productType = "com.apple.product-type.application";
		};
/* End PBXNativeTarget section */

/* Begin PBXProject section */
		D70C37BD25E103DD00898271 /* Project object */ = {
			isa = PBXProject;
			attributes = {
				LastSwiftUpdateCheck = 1240;
				LastUpgradeCheck = 1240;
				TargetAttributes = {
					D70C37C425E103DD00898271 = {
						CreatedOnToolsVersion = 12.4;
					};
				};
			};
			buildConfigurationList = D70C37C025E103DD00898271 /* Build configuration list for PBXProject "MobalMobal" */;
			compatibilityVersion = "Xcode 9.3";
			developmentRegion = en;
			hasScannedForEncodings = 0;
			knownRegions = (
				en,
				Base,
			);
			mainGroup = D70C37BC25E103DD00898271;
			packageReferences = (
				D7147D3F25E763DC00AA0878 /* XCRemoteSwiftPackageReference "firebase-ios-sdk" */,
				D7147D5125E7646500AA0878 /* XCRemoteSwiftPackageReference "Alamofire" */,
				D7147D5525E7661100AA0878 /* XCRemoteSwiftPackageReference "Kingfisher" */,
				D7147D5925E7667900AA0878 /* XCRemoteSwiftPackageReference "SnapKit" */,
				D7147D5D25E766CC00AA0878 /* XCRemoteSwiftPackageReference "Then" */,
				D7147D6125E7686800AA0878 /* XCRemoteSwiftPackageReference "facebook-ios-sdk" */,
				D7147D6725E768B800AA0878 /* XCRemoteSwiftPackageReference "Toast-Swift" */,
				4DBDB4E2261F53C900B5E08D /* XCRemoteSwiftPackageReference "Moya" */,
			);
			productRefGroup = D70C37C625E103DD00898271 /* Products */;
			projectDirPath = "";
			projectRoot = "";
			targets = (
				D70C37C425E103DD00898271 /* MobalMobal */,
			);
		};
/* End PBXProject section */

/* Begin PBXResourcesBuildPhase section */
		D70C37C325E103DD00898271 /* Resources */ = {
			isa = PBXResourcesBuildPhase;
			buildActionMask = 2147483647;
			files = (
				D70C37DE25E103F100898271 /* .swiftlint.yml in Resources */,
				3A1BD76E25F539D40079D56D /* Spoqa Han Sans Neo Light.otf in Resources */,
				3A1BD77025F539D40079D56D /* Spoqa Han Sans Neo Thin.otf in Resources */,
				3A1BD77125F539D40079D56D /* Spoqa Han Sans Neo Medium.otf in Resources */,
				D70C37D525E103DE00898271 /* LaunchScreen.storyboard in Resources */,
				D7147D6C25E76A1900AA0878 /* GoogleService-Info.plist in Resources */,
				D70C37D225E103DE00898271 /* Assets.xcassets in Resources */,
				3A1BD76F25F539D40079D56D /* Spoqa Han Sans Neo Bold.otf in Resources */,
				D70C37D025E103DD00898271 /* Main.storyboard in Resources */,
				3A1BD76D25F539D40079D56D /* Spoqa Han Sans Neo Regular.otf in Resources */,
				E365FBC326210EFA0036617A /* CreateDonation.storyboard in Resources */,
			);
			runOnlyForDeploymentPostprocessing = 0;
		};
/* End PBXResourcesBuildPhase section */

/* Begin PBXShellScriptBuildPhase section */
		4F43463B447430E17A7A7E30 /* [CP] Embed Pods Frameworks */ = {
			isa = PBXShellScriptBuildPhase;
			buildActionMask = 2147483647;
			files = (
			);
			inputFileListPaths = (
				"${PODS_ROOT}/Target Support Files/Pods-MobalMobal/Pods-MobalMobal-frameworks-${CONFIGURATION}-input-files.xcfilelist",
			);
			name = "[CP] Embed Pods Frameworks";
			outputFileListPaths = (
				"${PODS_ROOT}/Target Support Files/Pods-MobalMobal/Pods-MobalMobal-frameworks-${CONFIGURATION}-output-files.xcfilelist",
			);
			runOnlyForDeploymentPostprocessing = 0;
			shellPath = /bin/sh;
			shellScript = "\"${PODS_ROOT}/Target Support Files/Pods-MobalMobal/Pods-MobalMobal-frameworks.sh\"\n";
			showEnvVarsInLog = 0;
		};
		84F3F05E72455AC321E09A11 /* [CP] Check Pods Manifest.lock */ = {
			isa = PBXShellScriptBuildPhase;
			buildActionMask = 2147483647;
			files = (
			);
			inputFileListPaths = (
			);
			inputPaths = (
				"${PODS_PODFILE_DIR_PATH}/Podfile.lock",
				"${PODS_ROOT}/Manifest.lock",
			);
			name = "[CP] Check Pods Manifest.lock";
			outputFileListPaths = (
			);
			outputPaths = (
				"$(DERIVED_FILE_DIR)/Pods-MobalMobal-checkManifestLockResult.txt",
			);
			runOnlyForDeploymentPostprocessing = 0;
			shellPath = /bin/sh;
			shellScript = "diff \"${PODS_PODFILE_DIR_PATH}/Podfile.lock\" \"${PODS_ROOT}/Manifest.lock\" > /dev/null\nif [ $? != 0 ] ; then\n    # print error to STDERR\n    echo \"error: The sandbox is not in sync with the Podfile.lock. Run 'pod install' or update your CocoaPods installation.\" >&2\n    exit 1\nfi\n# This output is used by Xcode 'outputs' to avoid re-running this script phase.\necho \"SUCCESS\" > \"${SCRIPT_OUTPUT_FILE_0}\"\n";
			showEnvVarsInLog = 0;
		};
		9F68754E97333593B4BF85AE /* [CP] Copy Pods Resources */ = {
			isa = PBXShellScriptBuildPhase;
			buildActionMask = 2147483647;
			files = (
			);
			inputFileListPaths = (
				"${PODS_ROOT}/Target Support Files/Pods-MobalMobal/Pods-MobalMobal-resources-${CONFIGURATION}-input-files.xcfilelist",
			);
			name = "[CP] Copy Pods Resources";
			outputFileListPaths = (
				"${PODS_ROOT}/Target Support Files/Pods-MobalMobal/Pods-MobalMobal-resources-${CONFIGURATION}-output-files.xcfilelist",
			);
			runOnlyForDeploymentPostprocessing = 0;
			shellPath = /bin/sh;
			shellScript = "\"${PODS_ROOT}/Target Support Files/Pods-MobalMobal/Pods-MobalMobal-resources.sh\"\n";
			showEnvVarsInLog = 0;
		};
		D70C37E025E1041D00898271 /* Run SwiftLint */ = {
			isa = PBXShellScriptBuildPhase;
			buildActionMask = 2147483647;
			files = (
			);
			inputFileListPaths = (
			);
			inputPaths = (
			);
			name = "Run SwiftLint";
			outputFileListPaths = (
			);
			outputPaths = (
			);
			runOnlyForDeploymentPostprocessing = 0;
			shellPath = /bin/sh;
			shellScript = "${PODS_ROOT}/SwiftLint/swiftlint\n";
		};
/* End PBXShellScriptBuildPhase section */

/* Begin PBXSourcesBuildPhase section */
		D70C37C125E103DD00898271 /* Sources */ = {
			isa = PBXSourcesBuildPhase;
			buildActionMask = 2147483647;
			files = (
				D7AC0C9525EAB9E2000A342A /* MainMyDonationCollectionViewCell.swift in Sources */,
				D7AC0C9925EACAC8000A342A /* MainAddMyDonationCollectionViewCell.swift in Sources */,
				3A6CFF3325EAEC7A00214E43 /* CustomLoginButton.swift in Sources */,
				4DBDB4F5261F59A500B5E08D /* DoneProvider.swift in Sources */,
				7C4B1A53266DF558001DA144 /* MyAccountViewModel.swift in Sources */,
				E365FBBD26210B480036617A /* CreateDonationViewController2.swift in Sources */,
				3AC39404261DBDF5008BB207 /* DonationDetailResponse.swift in Sources */,
				4DBDB4F8261F614F00B5E08D /* NetworkProvider.swift in Sources */,
				3A1BD71125ED26D00079D56D /* DonationDetailViewController.swift in Sources */,
				3AB1D03F2615DCB600EA94E8 /* LoginViewModel.swift in Sources */,
				3A1BD72425F1583D0079D56D /* DetailParticipantsMoreButtonView.swift in Sources */,
				E33452E326446DA100F54A95 /* NetworkErrorViewController.swift in Sources */,
				3A61D7572638003B00DC27CF /* Login+Facebook.swift in Sources */,
				3A035F1825EA4D8C00D3FB69 /* LoginViewController.swift in Sources */,
				4DBDB4EA261F542B00B5E08D /* DoneService.swift in Sources */,
				3A1BD72425F1583D0079D56D /* DetailParticipantsMoreButtonView.swift in Sources */,
				3A1E6DED2620E59700FAF0CC /* MakeCompleteViewController.swift in Sources */,
				7C8BF1892620AFED008A491C /* MyDonateResponse.swift in Sources */,
				3A035F1825EA4D8C00D3FB69 /* LoginViewController.swift in Sources */,
				3AC39407261DBF59008BB207 /* Int+Extension.swift in Sources */,
				3A1BD71D25F12F0C0079D56D /* DonationDetailViewController+Layout.swift in Sources */,
				3A1BD73125F15EF20079D56D /* DetailParticipantsView.swift in Sources */,
				E365FBC926232D050036617A /* SignupUser.swift in Sources */,
				7C39985D25FA51AA00EA82C2 /* AccountViewController.swift in Sources */,
				D70C37CD25E103DD00898271 /* ViewController.swift in Sources */,
				4D46FEB526215F7B00471475 /* Logger.swift in Sources */,
				3AB1D0252610DB4700EA94E8 /* MainOngoingDonationHeaderView.swift in Sources */,
				7C39979125F75B5900EA82C2 /* SuccessChargingViewController.swift in Sources */,
				7C61AEC925EA4CC200D9149F /* PointChargingViewController.swift in Sources */,
				7C30C34B261E282300567520 /* ProfileDonatingViewModel.swift in Sources */,
				7C30C345261DB5C500567520 /* ProfileCellViewModel.swift in Sources */,
				7C30C23F2617588500567520 /* ProfileViewModel.swift in Sources */,
				7C062D9F2621111000F5D58D /* WebviewController.swift in Sources */,
				E3692D1D25F4F9C500755FBF /* UIView+Extension.swift in Sources */,
				E359440E260F125D0078903E /* CreateDonationViewController.swift in Sources */,
				3A61D7532638000900DC27CF /* Login+Google.swift in Sources */,
				3AB1CFD6260F7CB200EA94E8 /* UIViewController+Extension.swift in Sources */,
				E3F1EAB225EACC9F00F34BDE /* SignupCustomView.swift in Sources */,
				4DBDB4FC261F623600B5E08D /* MainResponse.swift in Sources */,
				7C842FA02606267400A66756 /* ModifyProfileViewController.swift in Sources */,
				D9A4E1412620DD8600539C27 /* MainIndicatorCollectionViewCell.swift in Sources */,
				4DBDB4F2261F593F00B5E08D /* MainViewModel.swift in Sources */,
				3A61D75B263800A000DC27CF /* Login+Apple.swift in Sources */,
				7C04536025EAA2DC00870761 /* ProfileDonatingTableViewCell.swift in Sources */,
				3AC393D9261CBC3D008BB207 /* DonationDetailViewModel.swift in Sources */,
				7C30C348261E163D00567520 /* ProfileMydonationViewModel.swift in Sources */,
				7C30C23B2617548E00567520 /* ProfileResponse.swift in Sources */,
				7C30C2DB261AA8F500567520 /* MydonationResponse.swift in Sources */,
				7C04535D25EAA2C000870761 /* ProfileMyDonationTableViewCell.swift in Sources */,
				3AC3941A261E2724008BB207 /* DonateMoneyViewModel.swift in Sources */,
				3A1E6DDD262065BF00FAF0CC /* DonateMoneyData.swift in Sources */,
				7C04536525EAAA3B00870761 /* UIColor+Additions.swift in Sources */,
				3A179F7725FBC84F00901436 /* UITextField+Extension.swift in Sources */,
				D70C37C925E103DD00898271 /* AppDelegate.swift in Sources */,
				E3F1EA7825EA4B0600F34BDE /* SignupViewController.swift in Sources */,
				E3FCDFA72640741A009C45AB /* CreateDonationViewModel.swift in Sources */,
				3A1E6DE92620D69E00FAF0CC /* DonateCompleteViewController.swift in Sources */,
				3A1BD77C25F5443D0079D56D /* UIFont+Extension.swift in Sources */,
				7C36DF4625F2014E001C2DBB /* InputChargingPointViewController.swift in Sources */,
				3AB1D0372615DB1900EA94E8 /* LoginData.swift in Sources */,
				3AC3940E261DF7FC008BB207 /* JSONDecoder+Extension.swift in Sources */,
				7C04535625EA949B00870761 /* ProfileViewController.swift in Sources */,
				7C04535A25EA98B900870761 /* ProfileTableViewCell.swift in Sources */,
				D70C37CB25E103DD00898271 /* SceneDelegate.swift in Sources */,
				E3F1EA8425EA552800F34BDE /* SettingViewController.swift in Sources */,
				3AC39411261DFBF2008BB207 /* Date+Extension.swift in Sources */,
				E3FCDF9B26406F3B009C45AB /* CreateDonation.swift in Sources */,
				7CC7C08B261F1CAD0038900A /* InputChargingPointViewModel.swift in Sources */,
				D7AC0CA325EAF8F9000A342A /* MainOngoingDonationCollectionViewCell.swift in Sources */,
				D7E44EF125EA5149007FDB4F /* MainViewController.swift in Sources */,
				D7AC0C9D25EACF9A000A342A /* MainMyOngoingDonationCollectionViewCell.swift in Sources */,
				3A1BD73225F15EF20079D56D /* DetailParticipantsProfileImageView.swift in Sources */,
				7C61AED225EA4FA300D9149F /* PointChargingTableViewCell.swift in Sources */,
				E365FBD2262345360036617A /* SignupViewModel.swift in Sources */,
				7CE63718263C5D32008AE55E /* MyAccountViewController.swift in Sources */,
				E30C23D82643077F008B623E /* UIScreen.swift in Sources */,
				E3FCDFA1264072AB009C45AB /* CreateDonationResponse.swift in Sources */,
				3A179F4D25FB5A3900901436 /* DonateMoneyViewController.swift in Sources */,
				3A179F5225FB62B700901436 /* DonateMoneyTableViewCell.swift in Sources */,
				3A179F6025FB87AF00901436 /* InputDonationMoneyViewController.swift in Sources */,
				3A1E6DC12620445A00FAF0CC /* UserInfo.swift in Sources */,
				3A61D7662638173E00DC27CF /* KeychainManager.swift in Sources */,
				3A61D74F2637FF7800DC27CF /* Login+Firebase.swift in Sources */,
				7C842FA326063FB100A66756 /* ModifyProfileCustomView.swift in Sources */,
				7CC7C08F261F20680038900A /* InputChargingPointModel.swift in Sources */,
				4D46FEB82621607200471475 /* BaseViewController.swift in Sources */,
			);
			runOnlyForDeploymentPostprocessing = 0;
		};
/* End PBXSourcesBuildPhase section */

/* Begin PBXVariantGroup section */
		D70C37CE25E103DD00898271 /* Main.storyboard */ = {
			isa = PBXVariantGroup;
			children = (
				D70C37CF25E103DD00898271 /* Base */,
			);
			name = Main.storyboard;
			sourceTree = "<group>";
		};
		D70C37D325E103DE00898271 /* LaunchScreen.storyboard */ = {
			isa = PBXVariantGroup;
			children = (
				D70C37D425E103DE00898271 /* Base */,
			);
			name = LaunchScreen.storyboard;
			sourceTree = "<group>";
		};
/* End PBXVariantGroup section */

/* Begin XCBuildConfiguration section */
		D70C37D725E103DE00898271 /* Debug */ = {
			isa = XCBuildConfiguration;
			buildSettings = {
				ALWAYS_SEARCH_USER_PATHS = NO;
				CLANG_ANALYZER_NONNULL = YES;
				CLANG_ANALYZER_NUMBER_OBJECT_CONVERSION = YES_AGGRESSIVE;
				CLANG_CXX_LANGUAGE_STANDARD = "gnu++14";
				CLANG_CXX_LIBRARY = "libc++";
				CLANG_ENABLE_MODULES = YES;
				CLANG_ENABLE_OBJC_ARC = YES;
				CLANG_ENABLE_OBJC_WEAK = YES;
				CLANG_WARN_BLOCK_CAPTURE_AUTORELEASING = YES;
				CLANG_WARN_BOOL_CONVERSION = YES;
				CLANG_WARN_COMMA = YES;
				CLANG_WARN_CONSTANT_CONVERSION = YES;
				CLANG_WARN_DEPRECATED_OBJC_IMPLEMENTATIONS = YES;
				CLANG_WARN_DIRECT_OBJC_ISA_USAGE = YES_ERROR;
				CLANG_WARN_DOCUMENTATION_COMMENTS = YES;
				CLANG_WARN_EMPTY_BODY = YES;
				CLANG_WARN_ENUM_CONVERSION = YES;
				CLANG_WARN_INFINITE_RECURSION = YES;
				CLANG_WARN_INT_CONVERSION = YES;
				CLANG_WARN_NON_LITERAL_NULL_CONVERSION = YES;
				CLANG_WARN_OBJC_IMPLICIT_RETAIN_SELF = YES;
				CLANG_WARN_OBJC_LITERAL_CONVERSION = YES;
				CLANG_WARN_OBJC_ROOT_CLASS = YES_ERROR;
				CLANG_WARN_QUOTED_INCLUDE_IN_FRAMEWORK_HEADER = YES;
				CLANG_WARN_RANGE_LOOP_ANALYSIS = YES;
				CLANG_WARN_STRICT_PROTOTYPES = YES;
				CLANG_WARN_SUSPICIOUS_MOVE = YES;
				CLANG_WARN_UNGUARDED_AVAILABILITY = YES_AGGRESSIVE;
				CLANG_WARN_UNREACHABLE_CODE = YES;
				CLANG_WARN__DUPLICATE_METHOD_MATCH = YES;
				COPY_PHASE_STRIP = NO;
				DEBUG_INFORMATION_FORMAT = dwarf;
				ENABLE_STRICT_OBJC_MSGSEND = YES;
				ENABLE_TESTABILITY = YES;
				GCC_C_LANGUAGE_STANDARD = gnu11;
				GCC_DYNAMIC_NO_PIC = NO;
				GCC_NO_COMMON_BLOCKS = YES;
				GCC_OPTIMIZATION_LEVEL = 0;
				GCC_PREPROCESSOR_DEFINITIONS = (
					"DEBUG=1",
					"$(inherited)",
				);
				GCC_WARN_64_TO_32_BIT_CONVERSION = YES;
				GCC_WARN_ABOUT_RETURN_TYPE = YES_ERROR;
				GCC_WARN_UNDECLARED_SELECTOR = YES;
				GCC_WARN_UNINITIALIZED_AUTOS = YES_AGGRESSIVE;
				GCC_WARN_UNUSED_FUNCTION = YES;
				GCC_WARN_UNUSED_VARIABLE = YES;
				IPHONEOS_DEPLOYMENT_TARGET = 13.0;
				MTL_ENABLE_DEBUG_INFO = INCLUDE_SOURCE;
				MTL_FAST_MATH = YES;
				ONLY_ACTIVE_ARCH = YES;
				SDKROOT = iphoneos;
				SWIFT_ACTIVE_COMPILATION_CONDITIONS = DEBUG;
				SWIFT_OPTIMIZATION_LEVEL = "-Onone";
			};
			name = Debug;
		};
		D70C37D825E103DE00898271 /* Release */ = {
			isa = XCBuildConfiguration;
			buildSettings = {
				ALWAYS_SEARCH_USER_PATHS = NO;
				CLANG_ANALYZER_NONNULL = YES;
				CLANG_ANALYZER_NUMBER_OBJECT_CONVERSION = YES_AGGRESSIVE;
				CLANG_CXX_LANGUAGE_STANDARD = "gnu++14";
				CLANG_CXX_LIBRARY = "libc++";
				CLANG_ENABLE_MODULES = YES;
				CLANG_ENABLE_OBJC_ARC = YES;
				CLANG_ENABLE_OBJC_WEAK = YES;
				CLANG_WARN_BLOCK_CAPTURE_AUTORELEASING = YES;
				CLANG_WARN_BOOL_CONVERSION = YES;
				CLANG_WARN_COMMA = YES;
				CLANG_WARN_CONSTANT_CONVERSION = YES;
				CLANG_WARN_DEPRECATED_OBJC_IMPLEMENTATIONS = YES;
				CLANG_WARN_DIRECT_OBJC_ISA_USAGE = YES_ERROR;
				CLANG_WARN_DOCUMENTATION_COMMENTS = YES;
				CLANG_WARN_EMPTY_BODY = YES;
				CLANG_WARN_ENUM_CONVERSION = YES;
				CLANG_WARN_INFINITE_RECURSION = YES;
				CLANG_WARN_INT_CONVERSION = YES;
				CLANG_WARN_NON_LITERAL_NULL_CONVERSION = YES;
				CLANG_WARN_OBJC_IMPLICIT_RETAIN_SELF = YES;
				CLANG_WARN_OBJC_LITERAL_CONVERSION = YES;
				CLANG_WARN_OBJC_ROOT_CLASS = YES_ERROR;
				CLANG_WARN_QUOTED_INCLUDE_IN_FRAMEWORK_HEADER = YES;
				CLANG_WARN_RANGE_LOOP_ANALYSIS = YES;
				CLANG_WARN_STRICT_PROTOTYPES = YES;
				CLANG_WARN_SUSPICIOUS_MOVE = YES;
				CLANG_WARN_UNGUARDED_AVAILABILITY = YES_AGGRESSIVE;
				CLANG_WARN_UNREACHABLE_CODE = YES;
				CLANG_WARN__DUPLICATE_METHOD_MATCH = YES;
				COPY_PHASE_STRIP = NO;
				DEBUG_INFORMATION_FORMAT = "dwarf-with-dsym";
				ENABLE_NS_ASSERTIONS = NO;
				ENABLE_STRICT_OBJC_MSGSEND = YES;
				GCC_C_LANGUAGE_STANDARD = gnu11;
				GCC_NO_COMMON_BLOCKS = YES;
				GCC_WARN_64_TO_32_BIT_CONVERSION = YES;
				GCC_WARN_ABOUT_RETURN_TYPE = YES_ERROR;
				GCC_WARN_UNDECLARED_SELECTOR = YES;
				GCC_WARN_UNINITIALIZED_AUTOS = YES_AGGRESSIVE;
				GCC_WARN_UNUSED_FUNCTION = YES;
				GCC_WARN_UNUSED_VARIABLE = YES;
				IPHONEOS_DEPLOYMENT_TARGET = 13.0;
				MTL_ENABLE_DEBUG_INFO = NO;
				MTL_FAST_MATH = YES;
				SDKROOT = iphoneos;
				SWIFT_COMPILATION_MODE = wholemodule;
				SWIFT_OPTIMIZATION_LEVEL = "-O";
				VALIDATE_PRODUCT = YES;
			};
			name = Release;
		};
		D70C37DA25E103DE00898271 /* Debug */ = {
			isa = XCBuildConfiguration;
			baseConfigurationReference = 61483D18A64727D4EAFF1EDD /* Pods-MobalMobal.debug.xcconfig */;
			buildSettings = {
				ASSETCATALOG_COMPILER_APPICON_NAME = AppIcon;
				ASSETCATALOG_COMPILER_GLOBAL_ACCENT_COLOR_NAME = AccentColor;
				CODE_SIGN_ENTITLEMENTS = MobalMobal/MobalMobalDebug.entitlements;
				CODE_SIGN_IDENTITY = "iPhone Developer";
				CODE_SIGN_STYLE = Manual;
				CURRENT_PROJECT_VERSION = 2;
				DEVELOPMENT_TEAM = TA757FA6NR;
				INFOPLIST_FILE = MobalMobal/Info.plist;
				IPHONEOS_DEPLOYMENT_TARGET = 13.0;
				LD_RUNPATH_SEARCH_PATHS = (
					"$(inherited)",
					"@executable_path/Frameworks",
				);
				PRODUCT_BUNDLE_IDENTIFIER = com.mashup.mobalmobal;
				PRODUCT_NAME = "$(TARGET_NAME)";
				PROVISIONING_PROFILE_SPECIFIER = MobalMobalPP;
				SWIFT_VERSION = 5.0;
				TARGETED_DEVICE_FAMILY = 1;
			};
			name = Debug;
		};
		D70C37DB25E103DE00898271 /* Release */ = {
			isa = XCBuildConfiguration;
			baseConfigurationReference = 32D37E13F8458BE37D6BCAC0 /* Pods-MobalMobal.release.xcconfig */;
			buildSettings = {
				ASSETCATALOG_COMPILER_APPICON_NAME = AppIcon;
				ASSETCATALOG_COMPILER_GLOBAL_ACCENT_COLOR_NAME = AccentColor;
				CODE_SIGN_ENTITLEMENTS = MobalMobal/MobalMobal.entitlements;
				CODE_SIGN_IDENTITY = "iPhone Developer";
				CODE_SIGN_STYLE = Manual;
				CURRENT_PROJECT_VERSION = 2;
				DEVELOPMENT_TEAM = TA757FA6NR;
				INFOPLIST_FILE = MobalMobal/Info.plist;
				IPHONEOS_DEPLOYMENT_TARGET = 13.0;
				LD_RUNPATH_SEARCH_PATHS = (
					"$(inherited)",
					"@executable_path/Frameworks",
				);
				PRODUCT_BUNDLE_IDENTIFIER = com.mashup.mobalmobal;
				PRODUCT_NAME = "$(TARGET_NAME)";
				PROVISIONING_PROFILE_SPECIFIER = MobalMobalPP;
				SWIFT_VERSION = 5.0;
				TARGETED_DEVICE_FAMILY = 1;
			};
			name = Release;
		};
/* End XCBuildConfiguration section */

/* Begin XCConfigurationList section */
		D70C37C025E103DD00898271 /* Build configuration list for PBXProject "MobalMobal" */ = {
			isa = XCConfigurationList;
			buildConfigurations = (
				D70C37D725E103DE00898271 /* Debug */,
				D70C37D825E103DE00898271 /* Release */,
			);
			defaultConfigurationIsVisible = 0;
			defaultConfigurationName = Release;
		};
		D70C37D925E103DE00898271 /* Build configuration list for PBXNativeTarget "MobalMobal" */ = {
			isa = XCConfigurationList;
			buildConfigurations = (
				D70C37DA25E103DE00898271 /* Debug */,
				D70C37DB25E103DE00898271 /* Release */,
			);
			defaultConfigurationIsVisible = 0;
			defaultConfigurationName = Release;
		};
/* End XCConfigurationList section */

/* Begin XCRemoteSwiftPackageReference section */
		4DBDB4E2261F53C900B5E08D /* XCRemoteSwiftPackageReference "Moya" */ = {
			isa = XCRemoteSwiftPackageReference;
			repositoryURL = "https://github.com/Moya/Moya.git";
			requirement = {
				kind = upToNextMajorVersion;
				minimumVersion = 14.0.1;
			};
		};
		D7147D3F25E763DC00AA0878 /* XCRemoteSwiftPackageReference "firebase-ios-sdk" */ = {
			isa = XCRemoteSwiftPackageReference;
			repositoryURL = "https://github.com/firebase/firebase-ios-sdk.git";
			requirement = {
				kind = upToNextMajorVersion;
				minimumVersion = 7.7.0;
			};
		};
		D7147D5125E7646500AA0878 /* XCRemoteSwiftPackageReference "Alamofire" */ = {
			isa = XCRemoteSwiftPackageReference;
			repositoryURL = "https://github.com/Alamofire/Alamofire.git";
			requirement = {
				kind = upToNextMajorVersion;
				minimumVersion = 5.4.1;
			};
		};
		D7147D5525E7661100AA0878 /* XCRemoteSwiftPackageReference "Kingfisher" */ = {
			isa = XCRemoteSwiftPackageReference;
			repositoryURL = "https://github.com/onevcat/Kingfisher.git";
			requirement = {
				kind = upToNextMajorVersion;
				minimumVersion = 6.1.1;
			};
		};
		D7147D5925E7667900AA0878 /* XCRemoteSwiftPackageReference "SnapKit" */ = {
			isa = XCRemoteSwiftPackageReference;
			repositoryURL = "https://github.com/SnapKit/SnapKit.git";
			requirement = {
				kind = upToNextMajorVersion;
				minimumVersion = 5.0.1;
			};
		};
		D7147D5D25E766CC00AA0878 /* XCRemoteSwiftPackageReference "Then" */ = {
			isa = XCRemoteSwiftPackageReference;
			repositoryURL = "https://github.com/devxoul/Then.git";
			requirement = {
				kind = upToNextMajorVersion;
				minimumVersion = 2.7.0;
			};
		};
		D7147D6125E7686800AA0878 /* XCRemoteSwiftPackageReference "facebook-ios-sdk" */ = {
			isa = XCRemoteSwiftPackageReference;
			repositoryURL = "https://github.com/facebook/facebook-ios-sdk.git";
			requirement = {
				kind = upToNextMajorVersion;
				minimumVersion = 9.0.1;
			};
		};
		D7147D6725E768B800AA0878 /* XCRemoteSwiftPackageReference "Toast-Swift" */ = {
			isa = XCRemoteSwiftPackageReference;
			repositoryURL = "https://github.com/scalessec/Toast-Swift.git";
			requirement = {
				kind = upToNextMajorVersion;
				minimumVersion = 5.0.1;
			};
		};
/* End XCRemoteSwiftPackageReference section */

/* Begin XCSwiftPackageProductDependency section */
		4DBDB4E3261F53C900B5E08D /* Moya */ = {
			isa = XCSwiftPackageProductDependency;
			package = 4DBDB4E2261F53C900B5E08D /* XCRemoteSwiftPackageReference "Moya" */;
			productName = Moya;
		};
		D7147D4025E763DC00AA0878 /* FirebaseDynamicLinks */ = {
			isa = XCSwiftPackageProductDependency;
			package = D7147D3F25E763DC00AA0878 /* XCRemoteSwiftPackageReference "firebase-ios-sdk" */;
			productName = FirebaseDynamicLinks;
		};
		D7147D4225E763DC00AA0878 /* FirebaseDatabase */ = {
			isa = XCSwiftPackageProductDependency;
			package = D7147D3F25E763DC00AA0878 /* XCRemoteSwiftPackageReference "firebase-ios-sdk" */;
			productName = FirebaseDatabase;
		};
		D7147D4425E763DC00AA0878 /* FirebaseAnalytics */ = {
			isa = XCSwiftPackageProductDependency;
			package = D7147D3F25E763DC00AA0878 /* XCRemoteSwiftPackageReference "firebase-ios-sdk" */;
			productName = FirebaseAnalytics;
		};
		D7147D4625E763DC00AA0878 /* FirebaseCrashlytics */ = {
			isa = XCSwiftPackageProductDependency;
			package = D7147D3F25E763DC00AA0878 /* XCRemoteSwiftPackageReference "firebase-ios-sdk" */;
			productName = FirebaseCrashlytics;
		};
		D7147D4825E763DC00AA0878 /* FirebaseMessaging */ = {
			isa = XCSwiftPackageProductDependency;
			package = D7147D3F25E763DC00AA0878 /* XCRemoteSwiftPackageReference "firebase-ios-sdk" */;
			productName = FirebaseMessaging;
		};
		D7147D4A25E763DC00AA0878 /* FirebaseAuth */ = {
			isa = XCSwiftPackageProductDependency;
			package = D7147D3F25E763DC00AA0878 /* XCRemoteSwiftPackageReference "firebase-ios-sdk" */;
			productName = FirebaseAuth;
		};
		D7147D4C25E763DC00AA0878 /* FirebaseRemoteConfig */ = {
			isa = XCSwiftPackageProductDependency;
			package = D7147D3F25E763DC00AA0878 /* XCRemoteSwiftPackageReference "firebase-ios-sdk" */;
			productName = FirebaseRemoteConfig;
		};
		D7147D4E25E763DC00AA0878 /* FirebaseInAppMessaging-Beta */ = {
			isa = XCSwiftPackageProductDependency;
			package = D7147D3F25E763DC00AA0878 /* XCRemoteSwiftPackageReference "firebase-ios-sdk" */;
			productName = "FirebaseInAppMessaging-Beta";
		};
		D7147D5225E7646500AA0878 /* Alamofire */ = {
			isa = XCSwiftPackageProductDependency;
			package = D7147D5125E7646500AA0878 /* XCRemoteSwiftPackageReference "Alamofire" */;
			productName = Alamofire;
		};
		D7147D5625E7661100AA0878 /* Kingfisher */ = {
			isa = XCSwiftPackageProductDependency;
			package = D7147D5525E7661100AA0878 /* XCRemoteSwiftPackageReference "Kingfisher" */;
			productName = Kingfisher;
		};
		D7147D5A25E7667A00AA0878 /* SnapKit */ = {
			isa = XCSwiftPackageProductDependency;
			package = D7147D5925E7667900AA0878 /* XCRemoteSwiftPackageReference "SnapKit" */;
			productName = SnapKit;
		};
		D7147D5E25E766CC00AA0878 /* Then */ = {
			isa = XCSwiftPackageProductDependency;
			package = D7147D5D25E766CC00AA0878 /* XCRemoteSwiftPackageReference "Then" */;
			productName = Then;
		};
		D7147D6225E7686800AA0878 /* FacebookLogin */ = {
			isa = XCSwiftPackageProductDependency;
			package = D7147D6125E7686800AA0878 /* XCRemoteSwiftPackageReference "facebook-ios-sdk" */;
			productName = FacebookLogin;
		};
		D7147D6425E7686800AA0878 /* FacebookCore */ = {
			isa = XCSwiftPackageProductDependency;
			package = D7147D6125E7686800AA0878 /* XCRemoteSwiftPackageReference "facebook-ios-sdk" */;
			productName = FacebookCore;
		};
		D7147D6825E768B800AA0878 /* Toast */ = {
			isa = XCSwiftPackageProductDependency;
			package = D7147D6725E768B800AA0878 /* XCRemoteSwiftPackageReference "Toast-Swift" */;
			productName = Toast;
		};
/* End XCSwiftPackageProductDependency section */
	};
	rootObject = D70C37BD25E103DD00898271 /* Project object */;
}
