// !$*UTF8*$!
{
	archiveVersion = 1;
	classes = {
	};
	objectVersion = 52;
	objects = {

/* Begin PBXBuildFile section */
		3A035F1825EA4D8C00D3FB69 /* LoginViewController.swift in Sources */ = {isa = PBXBuildFile; fileRef = 3A035F1725EA4D8C00D3FB69 /* LoginViewController.swift */; };
		3A1BD76D25F539D40079D56D /* Spoqa Han Sans Neo Regular.otf in Resources */ = {isa = PBXBuildFile; fileRef = 3A1BD76825F539D20079D56D /* Spoqa Han Sans Neo Regular.otf */; };
		3A1BD76E25F539D40079D56D /* Spoqa Han Sans Neo Light.otf in Resources */ = {isa = PBXBuildFile; fileRef = 3A1BD76925F539D30079D56D /* Spoqa Han Sans Neo Light.otf */; };
		3A1BD76F25F539D40079D56D /* Spoqa Han Sans Neo Bold.otf in Resources */ = {isa = PBXBuildFile; fileRef = 3A1BD76A25F539D30079D56D /* Spoqa Han Sans Neo Bold.otf */; };
		3A1BD77025F539D40079D56D /* Spoqa Han Sans Neo Thin.otf in Resources */ = {isa = PBXBuildFile; fileRef = 3A1BD76B25F539D30079D56D /* Spoqa Han Sans Neo Thin.otf */; };
		3A1BD77125F539D40079D56D /* Spoqa Han Sans Neo Medium.otf in Resources */ = {isa = PBXBuildFile; fileRef = 3A1BD76C25F539D40079D56D /* Spoqa Han Sans Neo Medium.otf */; };
		3A1BD77C25F5443D0079D56D /* UIFont+Extension.swift in Sources */ = {isa = PBXBuildFile; fileRef = 3A1BD77B25F5443D0079D56D /* UIFont+Extension.swift */; };
		3A6CFF3325EAEC7A00214E43 /* CustomLoginButton.swift in Sources */ = {isa = PBXBuildFile; fileRef = 3A6CFF3225EAEC7A00214E43 /* CustomLoginButton.swift */; };
		6A7F9880C2DD6C6782A998EE /* Pods_MobalMobal.framework in Frameworks */ = {isa = PBXBuildFile; fileRef = 5A5C411755E7FEF436016D7E /* Pods_MobalMobal.framework */; };
		7C04536525EAAA3B00870761 /* UIColor+Additions.swift in Sources */ = {isa = PBXBuildFile; fileRef = 7C04536425EAAA3B00870761 /* UIColor+Additions.swift */; };
		7C36DF4625F2014E001C2DBB /* InputChargingPointViewController.swift in Sources */ = {isa = PBXBuildFile; fileRef = 7C36DF4525F2014E001C2DBB /* InputChargingPointViewController.swift */; };
		7C39979125F75B5900EA82C2 /* SuccessChargingViewController.swift in Sources */ = {isa = PBXBuildFile; fileRef = 7C39979025F75B5900EA82C2 /* SuccessChargingViewController.swift */; };
		7C61AEC925EA4CC200D9149F /* PointChargingViewController.swift in Sources */ = {isa = PBXBuildFile; fileRef = 7C61AEC825EA4CC200D9149F /* PointChargingViewController.swift */; };
		7C61AED225EA4FA300D9149F /* PointChargingTableViewCell.swift in Sources */ = {isa = PBXBuildFile; fileRef = 7C61AED125EA4FA300D9149F /* PointChargingTableViewCell.swift */; };
		D70C37C925E103DD00898271 /* AppDelegate.swift in Sources */ = {isa = PBXBuildFile; fileRef = D70C37C825E103DD00898271 /* AppDelegate.swift */; };
		D70C37CB25E103DD00898271 /* SceneDelegate.swift in Sources */ = {isa = PBXBuildFile; fileRef = D70C37CA25E103DD00898271 /* SceneDelegate.swift */; };
		D70C37CD25E103DD00898271 /* ViewController.swift in Sources */ = {isa = PBXBuildFile; fileRef = D70C37CC25E103DD00898271 /* ViewController.swift */; };
		D70C37D025E103DD00898271 /* Main.storyboard in Resources */ = {isa = PBXBuildFile; fileRef = D70C37CE25E103DD00898271 /* Main.storyboard */; };
		D70C37D225E103DE00898271 /* Assets.xcassets in Resources */ = {isa = PBXBuildFile; fileRef = D70C37D125E103DE00898271 /* Assets.xcassets */; };
		D70C37D525E103DE00898271 /* LaunchScreen.storyboard in Resources */ = {isa = PBXBuildFile; fileRef = D70C37D325E103DE00898271 /* LaunchScreen.storyboard */; };
		D70C37DE25E103F100898271 /* .swiftlint.yml in Resources */ = {isa = PBXBuildFile; fileRef = D70C37DD25E103F100898271 /* .swiftlint.yml */; };
		D7147D4125E763DC00AA0878 /* FirebaseDynamicLinks in Frameworks */ = {isa = PBXBuildFile; productRef = D7147D4025E763DC00AA0878 /* FirebaseDynamicLinks */; };
		D7147D4325E763DC00AA0878 /* FirebaseDatabase in Frameworks */ = {isa = PBXBuildFile; productRef = D7147D4225E763DC00AA0878 /* FirebaseDatabase */; };
		D7147D4525E763DC00AA0878 /* FirebaseAnalytics in Frameworks */ = {isa = PBXBuildFile; productRef = D7147D4425E763DC00AA0878 /* FirebaseAnalytics */; };
		D7147D4725E763DC00AA0878 /* FirebaseCrashlytics in Frameworks */ = {isa = PBXBuildFile; productRef = D7147D4625E763DC00AA0878 /* FirebaseCrashlytics */; };
		D7147D4925E763DC00AA0878 /* FirebaseMessaging in Frameworks */ = {isa = PBXBuildFile; productRef = D7147D4825E763DC00AA0878 /* FirebaseMessaging */; };
		D7147D4B25E763DC00AA0878 /* FirebaseAuth in Frameworks */ = {isa = PBXBuildFile; productRef = D7147D4A25E763DC00AA0878 /* FirebaseAuth */; };
		D7147D4D25E763DC00AA0878 /* FirebaseRemoteConfig in Frameworks */ = {isa = PBXBuildFile; productRef = D7147D4C25E763DC00AA0878 /* FirebaseRemoteConfig */; };
		D7147D4F25E763DC00AA0878 /* FirebaseInAppMessaging-Beta in Frameworks */ = {isa = PBXBuildFile; productRef = D7147D4E25E763DC00AA0878 /* FirebaseInAppMessaging-Beta */; };
		D7147D5325E7646500AA0878 /* Alamofire in Frameworks */ = {isa = PBXBuildFile; productRef = D7147D5225E7646500AA0878 /* Alamofire */; };
		D7147D5725E7661100AA0878 /* Kingfisher in Frameworks */ = {isa = PBXBuildFile; productRef = D7147D5625E7661100AA0878 /* Kingfisher */; };
		D7147D5B25E7667A00AA0878 /* SnapKit in Frameworks */ = {isa = PBXBuildFile; productRef = D7147D5A25E7667A00AA0878 /* SnapKit */; };
		D7147D5F25E766CC00AA0878 /* Then in Frameworks */ = {isa = PBXBuildFile; productRef = D7147D5E25E766CC00AA0878 /* Then */; };
		D7147D6325E7686800AA0878 /* FacebookLogin in Frameworks */ = {isa = PBXBuildFile; productRef = D7147D6225E7686800AA0878 /* FacebookLogin */; };
		D7147D6525E7686800AA0878 /* FacebookCore in Frameworks */ = {isa = PBXBuildFile; productRef = D7147D6425E7686800AA0878 /* FacebookCore */; };
		D7147D6925E768B800AA0878 /* Toast in Frameworks */ = {isa = PBXBuildFile; productRef = D7147D6825E768B800AA0878 /* Toast */; };
		D7147D6C25E76A1900AA0878 /* GoogleService-Info.plist in Resources */ = {isa = PBXBuildFile; fileRef = D7147D6B25E76A1900AA0878 /* GoogleService-Info.plist */; };
		E3692D1D25F4F9C500755FBF /* UIView+Extension.swift in Sources */ = {isa = PBXBuildFile; fileRef = E3692D1C25F4F9C500755FBF /* UIView+Extension.swift */; };
		E3F1EA7825EA4B0600F34BDE /* SignupViewController.swift in Sources */ = {isa = PBXBuildFile; fileRef = E3F1EA7725EA4B0600F34BDE /* SignupViewController.swift */; };
		E3F1EAB225EACC9F00F34BDE /* SignupCustomView.swift in Sources */ = {isa = PBXBuildFile; fileRef = E3F1EAB125EACC9F00F34BDE /* SignupCustomView.swift */; };
/* End PBXBuildFile section */

/* Begin PBXFileReference section */
		32D37E13F8458BE37D6BCAC0 /* Pods-MobalMobal.release.xcconfig */ = {isa = PBXFileReference; includeInIndex = 1; lastKnownFileType = text.xcconfig; name = "Pods-MobalMobal.release.xcconfig"; path = "Target Support Files/Pods-MobalMobal/Pods-MobalMobal.release.xcconfig"; sourceTree = "<group>"; };
		3A035F1725EA4D8C00D3FB69 /* LoginViewController.swift */ = {isa = PBXFileReference; lastKnownFileType = sourcecode.swift; path = LoginViewController.swift; sourceTree = "<group>"; };
		3A1BD76825F539D20079D56D /* Spoqa Han Sans Neo Regular.otf */ = {isa = PBXFileReference; lastKnownFileType = file; path = "Spoqa Han Sans Neo Regular.otf"; sourceTree = "<group>"; };
		3A1BD76925F539D30079D56D /* Spoqa Han Sans Neo Light.otf */ = {isa = PBXFileReference; lastKnownFileType = file; path = "Spoqa Han Sans Neo Light.otf"; sourceTree = "<group>"; };
		3A1BD76A25F539D30079D56D /* Spoqa Han Sans Neo Bold.otf */ = {isa = PBXFileReference; lastKnownFileType = file; path = "Spoqa Han Sans Neo Bold.otf"; sourceTree = "<group>"; };
		3A1BD76B25F539D30079D56D /* Spoqa Han Sans Neo Thin.otf */ = {isa = PBXFileReference; lastKnownFileType = file; path = "Spoqa Han Sans Neo Thin.otf"; sourceTree = "<group>"; };
		3A1BD76C25F539D40079D56D /* Spoqa Han Sans Neo Medium.otf */ = {isa = PBXFileReference; lastKnownFileType = file; path = "Spoqa Han Sans Neo Medium.otf"; sourceTree = "<group>"; };
		3A1BD77B25F5443D0079D56D /* UIFont+Extension.swift */ = {isa = PBXFileReference; fileEncoding = 4; lastKnownFileType = sourcecode.swift; path = "UIFont+Extension.swift"; sourceTree = "<group>"; };
		3A6CFF3225EAEC7A00214E43 /* CustomLoginButton.swift */ = {isa = PBXFileReference; lastKnownFileType = sourcecode.swift; path = CustomLoginButton.swift; sourceTree = "<group>"; };
		5A5C411755E7FEF436016D7E /* Pods_MobalMobal.framework */ = {isa = PBXFileReference; explicitFileType = wrapper.framework; includeInIndex = 0; path = Pods_MobalMobal.framework; sourceTree = BUILT_PRODUCTS_DIR; };
		61483D18A64727D4EAFF1EDD /* Pods-MobalMobal.debug.xcconfig */ = {isa = PBXFileReference; includeInIndex = 1; lastKnownFileType = text.xcconfig; name = "Pods-MobalMobal.debug.xcconfig"; path = "Target Support Files/Pods-MobalMobal/Pods-MobalMobal.debug.xcconfig"; sourceTree = "<group>"; };
		7C04536425EAAA3B00870761 /* UIColor+Additions.swift */ = {isa = PBXFileReference; lastKnownFileType = sourcecode.swift; path = "UIColor+Additions.swift"; sourceTree = "<group>"; };
		7C36DF4525F2014E001C2DBB /* InputChargingPointViewController.swift */ = {isa = PBXFileReference; lastKnownFileType = sourcecode.swift; path = InputChargingPointViewController.swift; sourceTree = "<group>"; };
		7C39979025F75B5900EA82C2 /* SuccessChargingViewController.swift */ = {isa = PBXFileReference; lastKnownFileType = sourcecode.swift; path = SuccessChargingViewController.swift; sourceTree = "<group>"; };
		7C61AEC825EA4CC200D9149F /* PointChargingViewController.swift */ = {isa = PBXFileReference; lastKnownFileType = sourcecode.swift; path = PointChargingViewController.swift; sourceTree = "<group>"; };
		7C61AED125EA4FA300D9149F /* PointChargingTableViewCell.swift */ = {isa = PBXFileReference; lastKnownFileType = sourcecode.swift; path = PointChargingTableViewCell.swift; sourceTree = "<group>"; };
		D70C37C525E103DD00898271 /* MobalMobal.app */ = {isa = PBXFileReference; explicitFileType = wrapper.application; includeInIndex = 0; path = MobalMobal.app; sourceTree = BUILT_PRODUCTS_DIR; };
		D70C37C825E103DD00898271 /* AppDelegate.swift */ = {isa = PBXFileReference; lastKnownFileType = sourcecode.swift; path = AppDelegate.swift; sourceTree = "<group>"; };
		D70C37CA25E103DD00898271 /* SceneDelegate.swift */ = {isa = PBXFileReference; lastKnownFileType = sourcecode.swift; path = SceneDelegate.swift; sourceTree = "<group>"; };
		D70C37CC25E103DD00898271 /* ViewController.swift */ = {isa = PBXFileReference; lastKnownFileType = sourcecode.swift; path = ViewController.swift; sourceTree = "<group>"; };
		D70C37CF25E103DD00898271 /* Base */ = {isa = PBXFileReference; lastKnownFileType = file.storyboard; name = Base; path = Base.lproj/Main.storyboard; sourceTree = "<group>"; };
		D70C37D125E103DE00898271 /* Assets.xcassets */ = {isa = PBXFileReference; lastKnownFileType = folder.assetcatalog; path = Assets.xcassets; sourceTree = "<group>"; };
		D70C37D425E103DE00898271 /* Base */ = {isa = PBXFileReference; lastKnownFileType = file.storyboard; name = Base; path = Base.lproj/LaunchScreen.storyboard; sourceTree = "<group>"; };
		D70C37D625E103DE00898271 /* Info.plist */ = {isa = PBXFileReference; lastKnownFileType = text.plist.xml; path = Info.plist; sourceTree = "<group>"; };
		D70C37DD25E103F100898271 /* .swiftlint.yml */ = {isa = PBXFileReference; lastKnownFileType = text.yaml; path = .swiftlint.yml; sourceTree = "<group>"; };
		D7147D6B25E76A1900AA0878 /* GoogleService-Info.plist */ = {isa = PBXFileReference; fileEncoding = 4; lastKnownFileType = text.plist.xml; path = "GoogleService-Info.plist"; sourceTree = "<group>"; };
		D7147D6E25E7718A00AA0878 /* MobalMobalDebug.entitlements */ = {isa = PBXFileReference; lastKnownFileType = text.plist.entitlements; path = MobalMobalDebug.entitlements; sourceTree = "<group>"; };
		E3692D1C25F4F9C500755FBF /* UIView+Extension.swift */ = {isa = PBXFileReference; lastKnownFileType = sourcecode.swift; path = "UIView+Extension.swift"; sourceTree = "<group>"; };
		E3F1EA7725EA4B0600F34BDE /* SignupViewController.swift */ = {isa = PBXFileReference; lastKnownFileType = sourcecode.swift; path = SignupViewController.swift; sourceTree = "<group>"; };
		E3F1EAB125EACC9F00F34BDE /* SignupCustomView.swift */ = {isa = PBXFileReference; lastKnownFileType = sourcecode.swift; path = SignupCustomView.swift; sourceTree = "<group>"; };
/* End PBXFileReference section */

/* Begin PBXFrameworksBuildPhase section */
		D70C37C225E103DD00898271 /* Frameworks */ = {
			isa = PBXFrameworksBuildPhase;
			buildActionMask = 2147483647;
			files = (
				D7147D6925E768B800AA0878 /* Toast in Frameworks */,
				D7147D4925E763DC00AA0878 /* FirebaseMessaging in Frameworks */,
				D7147D6525E7686800AA0878 /* FacebookCore in Frameworks */,
				D7147D4325E763DC00AA0878 /* FirebaseDatabase in Frameworks */,
				D7147D4F25E763DC00AA0878 /* FirebaseInAppMessaging-Beta in Frameworks */,
				6A7F9880C2DD6C6782A998EE /* Pods_MobalMobal.framework in Frameworks */,
				D7147D4725E763DC00AA0878 /* FirebaseCrashlytics in Frameworks */,
				D7147D5F25E766CC00AA0878 /* Then in Frameworks */,
				D7147D5325E7646500AA0878 /* Alamofire in Frameworks */,
				D7147D4525E763DC00AA0878 /* FirebaseAnalytics in Frameworks */,
				D7147D4B25E763DC00AA0878 /* FirebaseAuth in Frameworks */,
				D7147D5725E7661100AA0878 /* Kingfisher in Frameworks */,
				D7147D5B25E7667A00AA0878 /* SnapKit in Frameworks */,
				D7147D4125E763DC00AA0878 /* FirebaseDynamicLinks in Frameworks */,
				D7147D6325E7686800AA0878 /* FacebookLogin in Frameworks */,
				D7147D4D25E763DC00AA0878 /* FirebaseRemoteConfig in Frameworks */,
			);
			runOnlyForDeploymentPostprocessing = 0;
		};
/* End PBXFrameworksBuildPhase section */

/* Begin PBXGroup section */
		3A035F1625EA4D6000D3FB69 /* Login */ = {
			isa = PBXGroup;
			children = (
				3A035F1725EA4D8C00D3FB69 /* LoginViewController.swift */,
				3A6CFF3225EAEC7A00214E43 /* CustomLoginButton.swift */,
			);
			path = Login;
			sourceTree = "<group>";
		};
		3A1BD76625F5397F0079D56D /* Fonts */ = {
			isa = PBXGroup;
			children = (
				3A1BD76A25F539D30079D56D /* Spoqa Han Sans Neo Bold.otf */,
				3A1BD76925F539D30079D56D /* Spoqa Han Sans Neo Light.otf */,
				3A1BD76C25F539D40079D56D /* Spoqa Han Sans Neo Medium.otf */,
				3A1BD76825F539D20079D56D /* Spoqa Han Sans Neo Regular.otf */,
				3A1BD76B25F539D30079D56D /* Spoqa Han Sans Neo Thin.otf */,
			);
			path = Fonts;
			sourceTree = "<group>";
		};
		7C04536325EAAA2400870761 /* Extension */ = {
			isa = PBXGroup;
			children = (
				7C04536425EAAA3B00870761 /* UIColor+Additions.swift */,
				E3692D1C25F4F9C500755FBF /* UIView+Extension.swift */,
				3A1BD77B25F5443D0079D56D /* UIFont+Extension.swift */,
			);
			path = Extension;
			sourceTree = "<group>";
		};
		7C36DF4325F20129001C2DBB /* InputChargingPoint */ = {
			isa = PBXGroup;
			children = (
				7C36DF4525F2014E001C2DBB /* InputChargingPointViewController.swift */,
			);
			path = InputChargingPoint;
			sourceTree = "<group>";
		};
		7C39978F25F75B3700EA82C2 /* SuccessCharging */ = {
			isa = PBXGroup;
			children = (
				7C39979025F75B5900EA82C2 /* SuccessChargingViewController.swift */,
			);
			path = SuccessCharging;
			sourceTree = "<group>";
		};
		7C61AECB25EA4CC900D9149F /* PointCharging */ = {
			isa = PBXGroup;
			children = (
				7C61AEC825EA4CC200D9149F /* PointChargingViewController.swift */,
				7C61AED125EA4FA300D9149F /* PointChargingTableViewCell.swift */,
			);
			path = PointCharging;
			sourceTree = "<group>";
		};
		C838D65354D003A3D43925F2 /* Pods */ = {
			isa = PBXGroup;
			children = (
				61483D18A64727D4EAFF1EDD /* Pods-MobalMobal.debug.xcconfig */,
				32D37E13F8458BE37D6BCAC0 /* Pods-MobalMobal.release.xcconfig */,
			);
			path = Pods;
			sourceTree = "<group>";
		};
		D70C37BC25E103DD00898271 = {
			isa = PBXGroup;
			children = (
				D70C37DD25E103F100898271 /* .swiftlint.yml */,
				D70C37C725E103DD00898271 /* MobalMobal */,
				D70C37C625E103DD00898271 /* Products */,
				C838D65354D003A3D43925F2 /* Pods */,
				EA3589F72EB11296D9C5D06E /* Frameworks */,
			);
			sourceTree = "<group>";
		};
		D70C37C625E103DD00898271 /* Products */ = {
			isa = PBXGroup;
			children = (
				D70C37C525E103DD00898271 /* MobalMobal.app */,
			);
			name = Products;
			sourceTree = "<group>";
		};
		D70C37C725E103DD00898271 /* MobalMobal */ = {
			isa = PBXGroup;
			children = (
				7C39978F25F75B3700EA82C2 /* SuccessCharging */,
				3A1BD76625F5397F0079D56D /* Fonts */,
				7C61AECB25EA4CC900D9149F /* PointCharging */,
				E3F1EA7625EA4AE800F34BDE /* Signup */,
				3A035F1625EA4D6000D3FB69 /* Login */,
				7C36DF4325F20129001C2DBB /* InputChargingPoint */,
				7C04536325EAAA2400870761 /* Extension */,
				D7147D6E25E7718A00AA0878 /* MobalMobalDebug.entitlements */,
				D70C37C825E103DD00898271 /* AppDelegate.swift */,
				D70C37CA25E103DD00898271 /* SceneDelegate.swift */,
				D70C37CC25E103DD00898271 /* ViewController.swift */,
				D70C37CE25E103DD00898271 /* Main.storyboard */,
				D70C37D325E103DE00898271 /* LaunchScreen.storyboard */,
				D70C37D125E103DE00898271 /* Assets.xcassets */,
				D7147D6B25E76A1900AA0878 /* GoogleService-Info.plist */,
				D70C37D625E103DE00898271 /* Info.plist */,
			);
			path = MobalMobal;
			sourceTree = "<group>";
		};
		E3F1EA7625EA4AE800F34BDE /* Signup */ = {
			isa = PBXGroup;
			children = (
				E3F1EA7725EA4B0600F34BDE /* SignupViewController.swift */,
				E3F1EAB125EACC9F00F34BDE /* SignupCustomView.swift */,
			);
			path = Signup;
			sourceTree = "<group>";
		};
		EA3589F72EB11296D9C5D06E /* Frameworks */ = {
			isa = PBXGroup;
			children = (
				5A5C411755E7FEF436016D7E /* Pods_MobalMobal.framework */,
			);
			name = Frameworks;
			sourceTree = "<group>";
		};
/* End PBXGroup section */

/* Begin PBXNativeTarget section */
		D70C37C425E103DD00898271 /* MobalMobal */ = {
			isa = PBXNativeTarget;
			buildConfigurationList = D70C37D925E103DE00898271 /* Build configuration list for PBXNativeTarget "MobalMobal" */;
			buildPhases = (
				84F3F05E72455AC321E09A11 /* [CP] Check Pods Manifest.lock */,
				D70C37C125E103DD00898271 /* Sources */,
				D70C37C225E103DD00898271 /* Frameworks */,
				D70C37C325E103DD00898271 /* Resources */,
				D70C37E025E1041D00898271 /* Run SwiftLint */,
				4F43463B447430E17A7A7E30 /* [CP] Embed Pods Frameworks */,
				9F68754E97333593B4BF85AE /* [CP] Copy Pods Resources */,
			);
			buildRules = (
			);
			dependencies = (
			);
			name = MobalMobal;
			packageProductDependencies = (
				D7147D4025E763DC00AA0878 /* FirebaseDynamicLinks */,
				D7147D4225E763DC00AA0878 /* FirebaseDatabase */,
				D7147D4425E763DC00AA0878 /* FirebaseAnalytics */,
				D7147D4625E763DC00AA0878 /* FirebaseCrashlytics */,
				D7147D4825E763DC00AA0878 /* FirebaseMessaging */,
				D7147D4A25E763DC00AA0878 /* FirebaseAuth */,
				D7147D4C25E763DC00AA0878 /* FirebaseRemoteConfig */,
				D7147D4E25E763DC00AA0878 /* FirebaseInAppMessaging-Beta */,
				D7147D5225E7646500AA0878 /* Alamofire */,
				D7147D5625E7661100AA0878 /* Kingfisher */,
				D7147D5A25E7667A00AA0878 /* SnapKit */,
				D7147D5E25E766CC00AA0878 /* Then */,
				D7147D6225E7686800AA0878 /* FacebookLogin */,
				D7147D6425E7686800AA0878 /* FacebookCore */,
				D7147D6825E768B800AA0878 /* Toast */,
			);
			productName = MobalMobal;
			productReference = D70C37C525E103DD00898271 /* MobalMobal.app */;
			productType = "com.apple.product-type.application";
		};
/* End PBXNativeTarget section */

/* Begin PBXProject section */
		D70C37BD25E103DD00898271 /* Project object */ = {
			isa = PBXProject;
			attributes = {
				LastSwiftUpdateCheck = 1240;
				LastUpgradeCheck = 1240;
				TargetAttributes = {
					D70C37C425E103DD00898271 = {
						CreatedOnToolsVersion = 12.4;
					};
				};
			};
			buildConfigurationList = D70C37C025E103DD00898271 /* Build configuration list for PBXProject "MobalMobal" */;
			compatibilityVersion = "Xcode 9.3";
			developmentRegion = en;
			hasScannedForEncodings = 0;
			knownRegions = (
				en,
				Base,
			);
			mainGroup = D70C37BC25E103DD00898271;
			packageReferences = (
				D7147D3F25E763DC00AA0878 /* XCRemoteSwiftPackageReference "firebase-ios-sdk" */,
				D7147D5125E7646500AA0878 /* XCRemoteSwiftPackageReference "Alamofire" */,
				D7147D5525E7661100AA0878 /* XCRemoteSwiftPackageReference "Kingfisher" */,
				D7147D5925E7667900AA0878 /* XCRemoteSwiftPackageReference "SnapKit" */,
				D7147D5D25E766CC00AA0878 /* XCRemoteSwiftPackageReference "Then" */,
				D7147D6125E7686800AA0878 /* XCRemoteSwiftPackageReference "facebook-ios-sdk" */,
				D7147D6725E768B800AA0878 /* XCRemoteSwiftPackageReference "Toast-Swift" */,
			);
			productRefGroup = D70C37C625E103DD00898271 /* Products */;
			projectDirPath = "";
			projectRoot = "";
			targets = (
				D70C37C425E103DD00898271 /* MobalMobal */,
			);
		};
/* End PBXProject section */

/* Begin PBXResourcesBuildPhase section */
		D70C37C325E103DD00898271 /* Resources */ = {
			isa = PBXResourcesBuildPhase;
			buildActionMask = 2147483647;
			files = (
				D70C37DE25E103F100898271 /* .swiftlint.yml in Resources */,
				3A1BD76E25F539D40079D56D /* Spoqa Han Sans Neo Light.otf in Resources */,
				3A1BD77025F539D40079D56D /* Spoqa Han Sans Neo Thin.otf in Resources */,
				3A1BD77125F539D40079D56D /* Spoqa Han Sans Neo Medium.otf in Resources */,
				D70C37D525E103DE00898271 /* LaunchScreen.storyboard in Resources */,
				D7147D6C25E76A1900AA0878 /* GoogleService-Info.plist in Resources */,
				D70C37D225E103DE00898271 /* Assets.xcassets in Resources */,
				3A1BD76F25F539D40079D56D /* Spoqa Han Sans Neo Bold.otf in Resources */,
				D70C37D025E103DD00898271 /* Main.storyboard in Resources */,
				3A1BD76D25F539D40079D56D /* Spoqa Han Sans Neo Regular.otf in Resources */,
			);
			runOnlyForDeploymentPostprocessing = 0;
		};
/* End PBXResourcesBuildPhase section */

/* Begin PBXShellScriptBuildPhase section */
		4F43463B447430E17A7A7E30 /* [CP] Embed Pods Frameworks */ = {
			isa = PBXShellScriptBuildPhase;
			buildActionMask = 2147483647;
			files = (
			);
			inputFileListPaths = (
				"${PODS_ROOT}/Target Support Files/Pods-MobalMobal/Pods-MobalMobal-frameworks-${CONFIGURATION}-input-files.xcfilelist",
			);
			name = "[CP] Embed Pods Frameworks";
			outputFileListPaths = (
				"${PODS_ROOT}/Target Support Files/Pods-MobalMobal/Pods-MobalMobal-frameworks-${CONFIGURATION}-output-files.xcfilelist",
			);
			runOnlyForDeploymentPostprocessing = 0;
			shellPath = /bin/sh;
			shellScript = "\"${PODS_ROOT}/Target Support Files/Pods-MobalMobal/Pods-MobalMobal-frameworks.sh\"\n";
			showEnvVarsInLog = 0;
		};
		84F3F05E72455AC321E09A11 /* [CP] Check Pods Manifest.lock */ = {
			isa = PBXShellScriptBuildPhase;
			buildActionMask = 2147483647;
			files = (
			);
			inputFileListPaths = (
			);
			inputPaths = (
				"${PODS_PODFILE_DIR_PATH}/Podfile.lock",
				"${PODS_ROOT}/Manifest.lock",
			);
			name = "[CP] Check Pods Manifest.lock";
			outputFileListPaths = (
			);
			outputPaths = (
				"$(DERIVED_FILE_DIR)/Pods-MobalMobal-checkManifestLockResult.txt",
			);
			runOnlyForDeploymentPostprocessing = 0;
			shellPath = /bin/sh;
			shellScript = "diff \"${PODS_PODFILE_DIR_PATH}/Podfile.lock\" \"${PODS_ROOT}/Manifest.lock\" > /dev/null\nif [ $? != 0 ] ; then\n    # print error to STDERR\n    echo \"error: The sandbox is not in sync with the Podfile.lock. Run 'pod install' or update your CocoaPods installation.\" >&2\n    exit 1\nfi\n# This output is used by Xcode 'outputs' to avoid re-running this script phase.\necho \"SUCCESS\" > \"${SCRIPT_OUTPUT_FILE_0}\"\n";
			showEnvVarsInLog = 0;
		};
		9F68754E97333593B4BF85AE /* [CP] Copy Pods Resources */ = {
			isa = PBXShellScriptBuildPhase;
			buildActionMask = 2147483647;
			files = (
			);
			inputFileListPaths = (
				"${PODS_ROOT}/Target Support Files/Pods-MobalMobal/Pods-MobalMobal-resources-${CONFIGURATION}-input-files.xcfilelist",
			);
			name = "[CP] Copy Pods Resources";
			outputFileListPaths = (
				"${PODS_ROOT}/Target Support Files/Pods-MobalMobal/Pods-MobalMobal-resources-${CONFIGURATION}-output-files.xcfilelist",
			);
			runOnlyForDeploymentPostprocessing = 0;
			shellPath = /bin/sh;
			shellScript = "\"${PODS_ROOT}/Target Support Files/Pods-MobalMobal/Pods-MobalMobal-resources.sh\"\n";
			showEnvVarsInLog = 0;
		};
		D70C37E025E1041D00898271 /* Run SwiftLint */ = {
			isa = PBXShellScriptBuildPhase;
			buildActionMask = 2147483647;
			files = (
			);
			inputFileListPaths = (
			);
			inputPaths = (
			);
			name = "Run SwiftLint";
			outputFileListPaths = (
			);
			outputPaths = (
			);
			runOnlyForDeploymentPostprocessing = 0;
			shellPath = /bin/sh;
			shellScript = "${PODS_ROOT}/SwiftLint/swiftlint\n";
		};
/* End PBXShellScriptBuildPhase section */

/* Begin PBXSourcesBuildPhase section */
		D70C37C125E103DD00898271 /* Sources */ = {
			isa = PBXSourcesBuildPhase;
			buildActionMask = 2147483647;
			files = (
				3A6CFF3325EAEC7A00214E43 /* CustomLoginButton.swift in Sources */,
				3A035F1825EA4D8C00D3FB69 /* LoginViewController.swift in Sources */,
				D70C37CD25E103DD00898271 /* ViewController.swift in Sources */,
				7C39979125F75B5900EA82C2 /* SuccessChargingViewController.swift in Sources */,
				7C61AEC925EA4CC200D9149F /* PointChargingViewController.swift in Sources */,
				E3692D1D25F4F9C500755FBF /* UIView+Extension.swift in Sources */,
				E3F1EAB225EACC9F00F34BDE /* SignupCustomView.swift in Sources */,
				7C04536525EAAA3B00870761 /* UIColor+Additions.swift in Sources */,
				D70C37C925E103DD00898271 /* AppDelegate.swift in Sources */,
				E3F1EA7825EA4B0600F34BDE /* SignupViewController.swift in Sources */,
				3A1BD77C25F5443D0079D56D /* UIFont+Extension.swift in Sources */,
				7C36DF4625F2014E001C2DBB /* InputChargingPointViewController.swift in Sources */,
				D70C37CB25E103DD00898271 /* SceneDelegate.swift in Sources */,
				7C61AED225EA4FA300D9149F /* PointChargingTableViewCell.swift in Sources */,
			);
			runOnlyForDeploymentPostprocessing = 0;
		};
/* End PBXSourcesBuildPhase section */

/* Begin PBXVariantGroup section */
		D70C37CE25E103DD00898271 /* Main.storyboard */ = {
			isa = PBXVariantGroup;
			children = (
				D70C37CF25E103DD00898271 /* Base */,
			);
			name = Main.storyboard;
			sourceTree = "<group>";
		};
		D70C37D325E103DE00898271 /* LaunchScreen.storyboard */ = {
			isa = PBXVariantGroup;
			children = (
				D70C37D425E103DE00898271 /* Base */,
			);
			name = LaunchScreen.storyboard;
			sourceTree = "<group>";
		};
/* End PBXVariantGroup section */

/* Begin XCBuildConfiguration section */
		D70C37D725E103DE00898271 /* Debug */ = {
			isa = XCBuildConfiguration;
			buildSettings = {
				ALWAYS_SEARCH_USER_PATHS = NO;
				CLANG_ANALYZER_NONNULL = YES;
				CLANG_ANALYZER_NUMBER_OBJECT_CONVERSION = YES_AGGRESSIVE;
				CLANG_CXX_LANGUAGE_STANDARD = "gnu++14";
				CLANG_CXX_LIBRARY = "libc++";
				CLANG_ENABLE_MODULES = YES;
				CLANG_ENABLE_OBJC_ARC = YES;
				CLANG_ENABLE_OBJC_WEAK = YES;
				CLANG_WARN_BLOCK_CAPTURE_AUTORELEASING = YES;
				CLANG_WARN_BOOL_CONVERSION = YES;
				CLANG_WARN_COMMA = YES;
				CLANG_WARN_CONSTANT_CONVERSION = YES;
				CLANG_WARN_DEPRECATED_OBJC_IMPLEMENTATIONS = YES;
				CLANG_WARN_DIRECT_OBJC_ISA_USAGE = YES_ERROR;
				CLANG_WARN_DOCUMENTATION_COMMENTS = YES;
				CLANG_WARN_EMPTY_BODY = YES;
				CLANG_WARN_ENUM_CONVERSION = YES;
				CLANG_WARN_INFINITE_RECURSION = YES;
				CLANG_WARN_INT_CONVERSION = YES;
				CLANG_WARN_NON_LITERAL_NULL_CONVERSION = YES;
				CLANG_WARN_OBJC_IMPLICIT_RETAIN_SELF = YES;
				CLANG_WARN_OBJC_LITERAL_CONVERSION = YES;
				CLANG_WARN_OBJC_ROOT_CLASS = YES_ERROR;
				CLANG_WARN_QUOTED_INCLUDE_IN_FRAMEWORK_HEADER = YES;
				CLANG_WARN_RANGE_LOOP_ANALYSIS = YES;
				CLANG_WARN_STRICT_PROTOTYPES = YES;
				CLANG_WARN_SUSPICIOUS_MOVE = YES;
				CLANG_WARN_UNGUARDED_AVAILABILITY = YES_AGGRESSIVE;
				CLANG_WARN_UNREACHABLE_CODE = YES;
				CLANG_WARN__DUPLICATE_METHOD_MATCH = YES;
				COPY_PHASE_STRIP = NO;
				DEBUG_INFORMATION_FORMAT = dwarf;
				ENABLE_STRICT_OBJC_MSGSEND = YES;
				ENABLE_TESTABILITY = YES;
				GCC_C_LANGUAGE_STANDARD = gnu11;
				GCC_DYNAMIC_NO_PIC = NO;
				GCC_NO_COMMON_BLOCKS = YES;
				GCC_OPTIMIZATION_LEVEL = 0;
				GCC_PREPROCESSOR_DEFINITIONS = (
					"DEBUG=1",
					"$(inherited)",
				);
				GCC_WARN_64_TO_32_BIT_CONVERSION = YES;
				GCC_WARN_ABOUT_RETURN_TYPE = YES_ERROR;
				GCC_WARN_UNDECLARED_SELECTOR = YES;
				GCC_WARN_UNINITIALIZED_AUTOS = YES_AGGRESSIVE;
				GCC_WARN_UNUSED_FUNCTION = YES;
				GCC_WARN_UNUSED_VARIABLE = YES;
				IPHONEOS_DEPLOYMENT_TARGET = 13.0;
				MTL_ENABLE_DEBUG_INFO = INCLUDE_SOURCE;
				MTL_FAST_MATH = YES;
				ONLY_ACTIVE_ARCH = YES;
				SDKROOT = iphoneos;
				SWIFT_ACTIVE_COMPILATION_CONDITIONS = DEBUG;
				SWIFT_OPTIMIZATION_LEVEL = "-Onone";
			};
			name = Debug;
		};
		D70C37D825E103DE00898271 /* Release */ = {
			isa = XCBuildConfiguration;
			buildSettings = {
				ALWAYS_SEARCH_USER_PATHS = NO;
				CLANG_ANALYZER_NONNULL = YES;
				CLANG_ANALYZER_NUMBER_OBJECT_CONVERSION = YES_AGGRESSIVE;
				CLANG_CXX_LANGUAGE_STANDARD = "gnu++14";
				CLANG_CXX_LIBRARY = "libc++";
				CLANG_ENABLE_MODULES = YES;
				CLANG_ENABLE_OBJC_ARC = YES;
				CLANG_ENABLE_OBJC_WEAK = YES;
				CLANG_WARN_BLOCK_CAPTURE_AUTORELEASING = YES;
				CLANG_WARN_BOOL_CONVERSION = YES;
				CLANG_WARN_COMMA = YES;
				CLANG_WARN_CONSTANT_CONVERSION = YES;
				CLANG_WARN_DEPRECATED_OBJC_IMPLEMENTATIONS = YES;
				CLANG_WARN_DIRECT_OBJC_ISA_USAGE = YES_ERROR;
				CLANG_WARN_DOCUMENTATION_COMMENTS = YES;
				CLANG_WARN_EMPTY_BODY = YES;
				CLANG_WARN_ENUM_CONVERSION = YES;
				CLANG_WARN_INFINITE_RECURSION = YES;
				CLANG_WARN_INT_CONVERSION = YES;
				CLANG_WARN_NON_LITERAL_NULL_CONVERSION = YES;
				CLANG_WARN_OBJC_IMPLICIT_RETAIN_SELF = YES;
				CLANG_WARN_OBJC_LITERAL_CONVERSION = YES;
				CLANG_WARN_OBJC_ROOT_CLASS = YES_ERROR;
				CLANG_WARN_QUOTED_INCLUDE_IN_FRAMEWORK_HEADER = YES;
				CLANG_WARN_RANGE_LOOP_ANALYSIS = YES;
				CLANG_WARN_STRICT_PROTOTYPES = YES;
				CLANG_WARN_SUSPICIOUS_MOVE = YES;
				CLANG_WARN_UNGUARDED_AVAILABILITY = YES_AGGRESSIVE;
				CLANG_WARN_UNREACHABLE_CODE = YES;
				CLANG_WARN__DUPLICATE_METHOD_MATCH = YES;
				COPY_PHASE_STRIP = NO;
				DEBUG_INFORMATION_FORMAT = "dwarf-with-dsym";
				ENABLE_NS_ASSERTIONS = NO;
				ENABLE_STRICT_OBJC_MSGSEND = YES;
				GCC_C_LANGUAGE_STANDARD = gnu11;
				GCC_NO_COMMON_BLOCKS = YES;
				GCC_WARN_64_TO_32_BIT_CONVERSION = YES;
				GCC_WARN_ABOUT_RETURN_TYPE = YES_ERROR;
				GCC_WARN_UNDECLARED_SELECTOR = YES;
				GCC_WARN_UNINITIALIZED_AUTOS = YES_AGGRESSIVE;
				GCC_WARN_UNUSED_FUNCTION = YES;
				GCC_WARN_UNUSED_VARIABLE = YES;
				IPHONEOS_DEPLOYMENT_TARGET = 13.0;
				MTL_ENABLE_DEBUG_INFO = NO;
				MTL_FAST_MATH = YES;
				SDKROOT = iphoneos;
				SWIFT_COMPILATION_MODE = wholemodule;
				SWIFT_OPTIMIZATION_LEVEL = "-O";
				VALIDATE_PRODUCT = YES;
			};
			name = Release;
		};
		D70C37DA25E103DE00898271 /* Debug */ = {
			isa = XCBuildConfiguration;
			baseConfigurationReference = 61483D18A64727D4EAFF1EDD /* Pods-MobalMobal.debug.xcconfig */;
			buildSettings = {
				ASSETCATALOG_COMPILER_APPICON_NAME = AppIcon;
				ASSETCATALOG_COMPILER_GLOBAL_ACCENT_COLOR_NAME = AccentColor;
				CODE_SIGN_ENTITLEMENTS = MobalMobal/MobalMobalDebug.entitlements;
				CODE_SIGN_IDENTITY = "iPhone Developer";
				CODE_SIGN_STYLE = Manual;
				DEVELOPMENT_TEAM = TA757FA6NR;
				INFOPLIST_FILE = MobalMobal/Info.plist;
				IPHONEOS_DEPLOYMENT_TARGET = 13.0;
				LD_RUNPATH_SEARCH_PATHS = (
					"$(inherited)",
					"@executable_path/Frameworks",
				);
				PRODUCT_BUNDLE_IDENTIFIER = com.mashup.mobalmobal;
				PRODUCT_NAME = "$(TARGET_NAME)";
				PROVISIONING_PROFILE_SPECIFIER = MobalMobalPP;
				SWIFT_VERSION = 5.0;
				TARGETED_DEVICE_FAMILY = 1;
			};
			name = Debug;
		};
		D70C37DB25E103DE00898271 /* Release */ = {
			isa = XCBuildConfiguration;
			baseConfigurationReference = 32D37E13F8458BE37D6BCAC0 /* Pods-MobalMobal.release.xcconfig */;
			buildSettings = {
				ASSETCATALOG_COMPILER_APPICON_NAME = AppIcon;
				ASSETCATALOG_COMPILER_GLOBAL_ACCENT_COLOR_NAME = AccentColor;
				CODE_SIGN_IDENTITY = "iPhone Developer";
				CODE_SIGN_STYLE = Manual;
				DEVELOPMENT_TEAM = TA757FA6NR;
				INFOPLIST_FILE = MobalMobal/Info.plist;
				IPHONEOS_DEPLOYMENT_TARGET = 13.0;
				LD_RUNPATH_SEARCH_PATHS = (
					"$(inherited)",
					"@executable_path/Frameworks",
				);
				PRODUCT_BUNDLE_IDENTIFIER = com.mashup.mobalmobal;
				PRODUCT_NAME = "$(TARGET_NAME)";
				PROVISIONING_PROFILE_SPECIFIER = MobalMobalPP;
				SWIFT_VERSION = 5.0;
				TARGETED_DEVICE_FAMILY = 1;
			};
			name = Release;
		};
/* End XCBuildConfiguration section */

/* Begin XCConfigurationList section */
		D70C37C025E103DD00898271 /* Build configuration list for PBXProject "MobalMobal" */ = {
			isa = XCConfigurationList;
			buildConfigurations = (
				D70C37D725E103DE00898271 /* Debug */,
				D70C37D825E103DE00898271 /* Release */,
			);
			defaultConfigurationIsVisible = 0;
			defaultConfigurationName = Release;
		};
		D70C37D925E103DE00898271 /* Build configuration list for PBXNativeTarget "MobalMobal" */ = {
			isa = XCConfigurationList;
			buildConfigurations = (
				D70C37DA25E103DE00898271 /* Debug */,
				D70C37DB25E103DE00898271 /* Release */,
			);
			defaultConfigurationIsVisible = 0;
			defaultConfigurationName = Release;
		};
/* End XCConfigurationList section */

/* Begin XCRemoteSwiftPackageReference section */
		D7147D3F25E763DC00AA0878 /* XCRemoteSwiftPackageReference "firebase-ios-sdk" */ = {
			isa = XCRemoteSwiftPackageReference;
			repositoryURL = "https://github.com/firebase/firebase-ios-sdk.git";
			requirement = {
				kind = upToNextMajorVersion;
				minimumVersion = 7.7.0;
			};
		};
		D7147D5125E7646500AA0878 /* XCRemoteSwiftPackageReference "Alamofire" */ = {
			isa = XCRemoteSwiftPackageReference;
			repositoryURL = "https://github.com/Alamofire/Alamofire.git";
			requirement = {
				kind = upToNextMajorVersion;
				minimumVersion = 5.4.1;
			};
		};
		D7147D5525E7661100AA0878 /* XCRemoteSwiftPackageReference "Kingfisher" */ = {
			isa = XCRemoteSwiftPackageReference;
			repositoryURL = "https://github.com/onevcat/Kingfisher.git";
			requirement = {
				kind = upToNextMajorVersion;
				minimumVersion = 6.1.1;
			};
		};
		D7147D5925E7667900AA0878 /* XCRemoteSwiftPackageReference "SnapKit" */ = {
			isa = XCRemoteSwiftPackageReference;
			repositoryURL = "https://github.com/SnapKit/SnapKit.git";
			requirement = {
				kind = upToNextMajorVersion;
				minimumVersion = 5.0.1;
			};
		};
		D7147D5D25E766CC00AA0878 /* XCRemoteSwiftPackageReference "Then" */ = {
			isa = XCRemoteSwiftPackageReference;
			repositoryURL = "https://github.com/devxoul/Then.git";
			requirement = {
				kind = upToNextMajorVersion;
				minimumVersion = 2.7.0;
			};
		};
		D7147D6125E7686800AA0878 /* XCRemoteSwiftPackageReference "facebook-ios-sdk" */ = {
			isa = XCRemoteSwiftPackageReference;
			repositoryURL = "https://github.com/facebook/facebook-ios-sdk.git";
			requirement = {
				kind = upToNextMajorVersion;
				minimumVersion = 9.0.1;
			};
		};
		D7147D6725E768B800AA0878 /* XCRemoteSwiftPackageReference "Toast-Swift" */ = {
			isa = XCRemoteSwiftPackageReference;
			repositoryURL = "https://github.com/scalessec/Toast-Swift.git";
			requirement = {
				kind = upToNextMajorVersion;
				minimumVersion = 5.0.1;
			};
		};
/* End XCRemoteSwiftPackageReference section */

/* Begin XCSwiftPackageProductDependency section */
		D7147D4025E763DC00AA0878 /* FirebaseDynamicLinks */ = {
			isa = XCSwiftPackageProductDependency;
			package = D7147D3F25E763DC00AA0878 /* XCRemoteSwiftPackageReference "firebase-ios-sdk" */;
			productName = FirebaseDynamicLinks;
		};
		D7147D4225E763DC00AA0878 /* FirebaseDatabase */ = {
			isa = XCSwiftPackageProductDependency;
			package = D7147D3F25E763DC00AA0878 /* XCRemoteSwiftPackageReference "firebase-ios-sdk" */;
			productName = FirebaseDatabase;
		};
		D7147D4425E763DC00AA0878 /* FirebaseAnalytics */ = {
			isa = XCSwiftPackageProductDependency;
			package = D7147D3F25E763DC00AA0878 /* XCRemoteSwiftPackageReference "firebase-ios-sdk" */;
			productName = FirebaseAnalytics;
		};
		D7147D4625E763DC00AA0878 /* FirebaseCrashlytics */ = {
			isa = XCSwiftPackageProductDependency;
			package = D7147D3F25E763DC00AA0878 /* XCRemoteSwiftPackageReference "firebase-ios-sdk" */;
			productName = FirebaseCrashlytics;
		};
		D7147D4825E763DC00AA0878 /* FirebaseMessaging */ = {
			isa = XCSwiftPackageProductDependency;
			package = D7147D3F25E763DC00AA0878 /* XCRemoteSwiftPackageReference "firebase-ios-sdk" */;
			productName = FirebaseMessaging;
		};
		D7147D4A25E763DC00AA0878 /* FirebaseAuth */ = {
			isa = XCSwiftPackageProductDependency;
			package = D7147D3F25E763DC00AA0878 /* XCRemoteSwiftPackageReference "firebase-ios-sdk" */;
			productName = FirebaseAuth;
		};
		D7147D4C25E763DC00AA0878 /* FirebaseRemoteConfig */ = {
			isa = XCSwiftPackageProductDependency;
			package = D7147D3F25E763DC00AA0878 /* XCRemoteSwiftPackageReference "firebase-ios-sdk" */;
			productName = FirebaseRemoteConfig;
		};
		D7147D4E25E763DC00AA0878 /* FirebaseInAppMessaging-Beta */ = {
			isa = XCSwiftPackageProductDependency;
			package = D7147D3F25E763DC00AA0878 /* XCRemoteSwiftPackageReference "firebase-ios-sdk" */;
			productName = "FirebaseInAppMessaging-Beta";
		};
		D7147D5225E7646500AA0878 /* Alamofire */ = {
			isa = XCSwiftPackageProductDependency;
			package = D7147D5125E7646500AA0878 /* XCRemoteSwiftPackageReference "Alamofire" */;
			productName = Alamofire;
		};
		D7147D5625E7661100AA0878 /* Kingfisher */ = {
			isa = XCSwiftPackageProductDependency;
			package = D7147D5525E7661100AA0878 /* XCRemoteSwiftPackageReference "Kingfisher" */;
			productName = Kingfisher;
		};
		D7147D5A25E7667A00AA0878 /* SnapKit */ = {
			isa = XCSwiftPackageProductDependency;
			package = D7147D5925E7667900AA0878 /* XCRemoteSwiftPackageReference "SnapKit" */;
			productName = SnapKit;
		};
		D7147D5E25E766CC00AA0878 /* Then */ = {
			isa = XCSwiftPackageProductDependency;
			package = D7147D5D25E766CC00AA0878 /* XCRemoteSwiftPackageReference "Then" */;
			productName = Then;
		};
		D7147D6225E7686800AA0878 /* FacebookLogin */ = {
			isa = XCSwiftPackageProductDependency;
			package = D7147D6125E7686800AA0878 /* XCRemoteSwiftPackageReference "facebook-ios-sdk" */;
			productName = FacebookLogin;
		};
		D7147D6425E7686800AA0878 /* FacebookCore */ = {
			isa = XCSwiftPackageProductDependency;
			package = D7147D6125E7686800AA0878 /* XCRemoteSwiftPackageReference "facebook-ios-sdk" */;
			productName = FacebookCore;
		};
		D7147D6825E768B800AA0878 /* Toast */ = {
			isa = XCSwiftPackageProductDependency;
			package = D7147D6725E768B800AA0878 /* XCRemoteSwiftPackageReference "Toast-Swift" */;
			productName = Toast;
		};
/* End XCSwiftPackageProductDependency section */
	};
	rootObject = D70C37BD25E103DD00898271 /* Project object */;
}
