// !$*UTF8*$!
{
	archiveVersion = 1;
	classes = {
	};
	objectVersion = 52;
	objects = {

/* Begin PBXBuildFile section */
		3A035F1825EA4D8C00D3FB69 /* LoginViewController.swift in Sources */ = {isa = PBXBuildFile; fileRef = 3A035F1725EA4D8C00D3FB69 /* LoginViewController.swift */; };
		6A7F9880C2DD6C6782A998EE /* Pods_MobalMobal.framework in Frameworks */ = {isa = PBXBuildFile; fileRef = 5A5C411755E7FEF436016D7E /* Pods_MobalMobal.framework */; };
		D70C37C925E103DD00898271 /* AppDelegate.swift in Sources */ = {isa = PBXBuildFile; fileRef = D70C37C825E103DD00898271 /* AppDelegate.swift */; };
		D70C37CB25E103DD00898271 /* SceneDelegate.swift in Sources */ = {isa = PBXBuildFile; fileRef = D70C37CA25E103DD00898271 /* SceneDelegate.swift */; };
		D70C37CD25E103DD00898271 /* ViewController.swift in Sources */ = {isa = PBXBuildFile; fileRef = D70C37CC25E103DD00898271 /* ViewController.swift */; };
		D70C37D025E103DD00898271 /* Main.storyboard in Resources */ = {isa = PBXBuildFile; fileRef = D70C37CE25E103DD00898271 /* Main.storyboard */; };
		D70C37D225E103DE00898271 /* Assets.xcassets in Resources */ = {isa = PBXBuildFile; fileRef = D70C37D125E103DE00898271 /* Assets.xcassets */; };
		D70C37D525E103DE00898271 /* LaunchScreen.storyboard in Resources */ = {isa = PBXBuildFile; fileRef = D70C37D325E103DE00898271 /* LaunchScreen.storyboard */; };
		D70C37DE25E103F100898271 /* .swiftlint.yml in Resources */ = {isa = PBXBuildFile; fileRef = D70C37DD25E103F100898271 /* .swiftlint.yml */; };
		D7147D4125E763DC00AA0878 /* BuildFile in Frameworks */ = {isa = PBXBuildFile; productRef = D7147D4025E763DC00AA0878 /* SwiftPackageProductDependency */; };
		D7147D4325E763DC00AA0878 /* BuildFile in Frameworks */ = {isa = PBXBuildFile; productRef = D7147D4225E763DC00AA0878 /* SwiftPackageProductDependency */; };
		D7147D4525E763DC00AA0878 /* BuildFile in Frameworks */ = {isa = PBXBuildFile; productRef = D7147D4425E763DC00AA0878 /* SwiftPackageProductDependency */; };
		D7147D4725E763DC00AA0878 /* BuildFile in Frameworks */ = {isa = PBXBuildFile; productRef = D7147D4625E763DC00AA0878 /* SwiftPackageProductDependency */; };
		D7147D4925E763DC00AA0878 /* BuildFile in Frameworks */ = {isa = PBXBuildFile; productRef = D7147D4825E763DC00AA0878 /* SwiftPackageProductDependency */; };
		D7147D4B25E763DC00AA0878 /* BuildFile in Frameworks */ = {isa = PBXBuildFile; productRef = D7147D4A25E763DC00AA0878 /* SwiftPackageProductDependency */; };
		D7147D4D25E763DC00AA0878 /* BuildFile in Frameworks */ = {isa = PBXBuildFile; productRef = D7147D4C25E763DC00AA0878 /* SwiftPackageProductDependency */; };
		D7147D4F25E763DC00AA0878 /* BuildFile in Frameworks */ = {isa = PBXBuildFile; productRef = D7147D4E25E763DC00AA0878 /* SwiftPackageProductDependency */; };
		D7147D5325E7646500AA0878 /* BuildFile in Frameworks */ = {isa = PBXBuildFile; productRef = D7147D5225E7646500AA0878 /* SwiftPackageProductDependency */; };
		D7147D5725E7661100AA0878 /* BuildFile in Frameworks */ = {isa = PBXBuildFile; productRef = D7147D5625E7661100AA0878 /* SwiftPackageProductDependency */; };
		D7147D5B25E7667A00AA0878 /* BuildFile in Frameworks */ = {isa = PBXBuildFile; productRef = D7147D5A25E7667A00AA0878 /* SwiftPackageProductDependency */; };
		D7147D5F25E766CC00AA0878 /* BuildFile in Frameworks */ = {isa = PBXBuildFile; productRef = D7147D5E25E766CC00AA0878 /* SwiftPackageProductDependency */; };
		D7147D6325E7686800AA0878 /* BuildFile in Frameworks */ = {isa = PBXBuildFile; productRef = D7147D6225E7686800AA0878 /* SwiftPackageProductDependency */; };
		D7147D6525E7686800AA0878 /* BuildFile in Frameworks */ = {isa = PBXBuildFile; productRef = D7147D6425E7686800AA0878 /* SwiftPackageProductDependency */; };
		D7147D6925E768B800AA0878 /* BuildFile in Frameworks */ = {isa = PBXBuildFile; productRef = D7147D6825E768B800AA0878 /* SwiftPackageProductDependency */; };
		D7147D6C25E76A1900AA0878 /* GoogleService-Info.plist in Resources */ = {isa = PBXBuildFile; fileRef = D7147D6B25E76A1900AA0878 /* GoogleService-Info.plist */; };
/* End PBXBuildFile section */

/* Begin PBXFileReference section */
		32D37E13F8458BE37D6BCAC0 /* Pods-MobalMobal.release.xcconfig */ = {isa = PBXFileReference; includeInIndex = 1; lastKnownFileType = text.xcconfig; name = "Pods-MobalMobal.release.xcconfig"; path = "Target Support Files/Pods-MobalMobal/Pods-MobalMobal.release.xcconfig"; sourceTree = "<group>"; };
		3A035F1725EA4D8C00D3FB69 /* LoginViewController.swift */ = {isa = PBXFileReference; lastKnownFileType = sourcecode.swift; path = LoginViewController.swift; sourceTree = "<group>"; };
		5A5C411755E7FEF436016D7E /* Pods_MobalMobal.framework */ = {isa = PBXFileReference; explicitFileType = wrapper.framework; includeInIndex = 0; path = Pods_MobalMobal.framework; sourceTree = BUILT_PRODUCTS_DIR; };
		61483D18A64727D4EAFF1EDD /* Pods-MobalMobal.debug.xcconfig */ = {isa = PBXFileReference; includeInIndex = 1; lastKnownFileType = text.xcconfig; name = "Pods-MobalMobal.debug.xcconfig"; path = "Target Support Files/Pods-MobalMobal/Pods-MobalMobal.debug.xcconfig"; sourceTree = "<group>"; };
		D70C37C525E103DD00898271 /* MobalMobal.app */ = {isa = PBXFileReference; explicitFileType = wrapper.application; includeInIndex = 0; path = MobalMobal.app; sourceTree = BUILT_PRODUCTS_DIR; };
		D70C37C825E103DD00898271 /* AppDelegate.swift */ = {isa = PBXFileReference; lastKnownFileType = sourcecode.swift; path = AppDelegate.swift; sourceTree = "<group>"; };
		D70C37CA25E103DD00898271 /* SceneDelegate.swift */ = {isa = PBXFileReference; lastKnownFileType = sourcecode.swift; path = SceneDelegate.swift; sourceTree = "<group>"; };
		D70C37CC25E103DD00898271 /* ViewController.swift */ = {isa = PBXFileReference; lastKnownFileType = sourcecode.swift; path = ViewController.swift; sourceTree = "<group>"; };
		D70C37CF25E103DD00898271 /* Base */ = {isa = PBXFileReference; lastKnownFileType = file.storyboard; name = Base; path = Base.lproj/Main.storyboard; sourceTree = "<group>"; };
		D70C37D125E103DE00898271 /* Assets.xcassets */ = {isa = PBXFileReference; lastKnownFileType = folder.assetcatalog; path = Assets.xcassets; sourceTree = "<group>"; };
		D70C37D425E103DE00898271 /* Base */ = {isa = PBXFileReference; lastKnownFileType = file.storyboard; name = Base; path = Base.lproj/LaunchScreen.storyboard; sourceTree = "<group>"; };
		D70C37D625E103DE00898271 /* Info.plist */ = {isa = PBXFileReference; lastKnownFileType = text.plist.xml; path = Info.plist; sourceTree = "<group>"; };
		D70C37DD25E103F100898271 /* .swiftlint.yml */ = {isa = PBXFileReference; lastKnownFileType = text.yaml; path = .swiftlint.yml; sourceTree = "<group>"; };
		D7147D6B25E76A1900AA0878 /* GoogleService-Info.plist */ = {isa = PBXFileReference; fileEncoding = 4; lastKnownFileType = text.plist.xml; path = "GoogleService-Info.plist"; sourceTree = "<group>"; };
		D7147D6E25E7718A00AA0878 /* MobalMobalDebug.entitlements */ = {isa = PBXFileReference; lastKnownFileType = text.plist.entitlements; path = MobalMobalDebug.entitlements; sourceTree = "<group>"; };
/* End PBXFileReference section */

/* Begin PBXFrameworksBuildPhase section */
		D70C37C225E103DD00898271 /* Frameworks */ = {
			isa = PBXFrameworksBuildPhase;
			buildActionMask = 2147483647;
			files = (
				D7147D6925E768B800AA0878 /* BuildFile in Frameworks */,
				D7147D4925E763DC00AA0878 /* BuildFile in Frameworks */,
				D7147D6525E7686800AA0878 /* BuildFile in Frameworks */,
				D7147D4325E763DC00AA0878 /* BuildFile in Frameworks */,
				D7147D4F25E763DC00AA0878 /* BuildFile in Frameworks */,
				6A7F9880C2DD6C6782A998EE /* Pods_MobalMobal.framework in Frameworks */,
				D7147D4725E763DC00AA0878 /* BuildFile in Frameworks */,
				D7147D5F25E766CC00AA0878 /* BuildFile in Frameworks */,
				D7147D5325E7646500AA0878 /* BuildFile in Frameworks */,
				D7147D4525E763DC00AA0878 /* BuildFile in Frameworks */,
				D7147D4B25E763DC00AA0878 /* BuildFile in Frameworks */,
				D7147D5725E7661100AA0878 /* BuildFile in Frameworks */,
				D7147D5B25E7667A00AA0878 /* BuildFile in Frameworks */,
				D7147D4125E763DC00AA0878 /* BuildFile in Frameworks */,
				D7147D6325E7686800AA0878 /* BuildFile in Frameworks */,
				D7147D4D25E763DC00AA0878 /* BuildFile in Frameworks */,
			);
			runOnlyForDeploymentPostprocessing = 0;
		};
/* End PBXFrameworksBuildPhase section */

/* Begin PBXGroup section */
		3A035F1625EA4D6000D3FB69 /* Login */ = {
			isa = PBXGroup;
			children = (
				3A035F1725EA4D8C00D3FB69 /* LoginViewController.swift */,
			);
			path = Login;
			sourceTree = "<group>";
		};
		C838D65354D003A3D43925F2 /* Pods */ = {
			isa = PBXGroup;
			children = (
				61483D18A64727D4EAFF1EDD /* Pods-MobalMobal.debug.xcconfig */,
				32D37E13F8458BE37D6BCAC0 /* Pods-MobalMobal.release.xcconfig */,
			);
			path = Pods;
			sourceTree = "<group>";
		};
		D70C37BC25E103DD00898271 = {
			isa = PBXGroup;
			children = (
				D70C37DD25E103F100898271 /* .swiftlint.yml */,
				D70C37C725E103DD00898271 /* MobalMobal */,
				D70C37C625E103DD00898271 /* Products */,
				C838D65354D003A3D43925F2 /* Pods */,
				EA3589F72EB11296D9C5D06E /* Frameworks */,
			);
			sourceTree = "<group>";
		};
		D70C37C625E103DD00898271 /* Products */ = {
			isa = PBXGroup;
			children = (
				D70C37C525E103DD00898271 /* MobalMobal.app */,
			);
			name = Products;
			sourceTree = "<group>";
		};
		D70C37C725E103DD00898271 /* MobalMobal */ = {
			isa = PBXGroup;
			children = (
				3A035F1625EA4D6000D3FB69 /* Login */,
				D7147D6E25E7718A00AA0878 /* MobalMobalDebug.entitlements */,
				D70C37C825E103DD00898271 /* AppDelegate.swift */,
				D70C37CA25E103DD00898271 /* SceneDelegate.swift */,
				D70C37CC25E103DD00898271 /* ViewController.swift */,
				D70C37CE25E103DD00898271 /* Main.storyboard */,
				D70C37D325E103DE00898271 /* LaunchScreen.storyboard */,
				D70C37D125E103DE00898271 /* Assets.xcassets */,
				D7147D6B25E76A1900AA0878 /* GoogleService-Info.plist */,
				D70C37D625E103DE00898271 /* Info.plist */,
			);
			path = MobalMobal;
			sourceTree = "<group>";
		};
		EA3589F72EB11296D9C5D06E /* Frameworks */ = {
			isa = PBXGroup;
			children = (
				5A5C411755E7FEF436016D7E /* Pods_MobalMobal.framework */,
			);
			name = Frameworks;
			sourceTree = "<group>";
		};
/* End PBXGroup section */

/* Begin PBXNativeTarget section */
		D70C37C425E103DD00898271 /* MobalMobal */ = {
			isa = PBXNativeTarget;
			buildConfigurationList = D70C37D925E103DE00898271 /* Build configuration list for PBXNativeTarget "MobalMobal" */;
			buildPhases = (
				84F3F05E72455AC321E09A11 /* [CP] Check Pods Manifest.lock */,
				D70C37C125E103DD00898271 /* Sources */,
				D70C37C225E103DD00898271 /* Frameworks */,
				D70C37C325E103DD00898271 /* Resources */,
				D70C37E025E1041D00898271 /* Run SwiftLint */,
				4F43463B447430E17A7A7E30 /* [CP] Embed Pods Frameworks */,
				9F68754E97333593B4BF85AE /* [CP] Copy Pods Resources */,
			);
			buildRules = (
			);
			dependencies = (
			);
			name = MobalMobal;
			packageProductDependencies = (
				D7147D4025E763DC00AA0878 /* SwiftPackageProductDependency */,
				D7147D4225E763DC00AA0878 /* SwiftPackageProductDependency */,
				D7147D4425E763DC00AA0878 /* SwiftPackageProductDependency */,
				D7147D4625E763DC00AA0878 /* SwiftPackageProductDependency */,
				D7147D4825E763DC00AA0878 /* SwiftPackageProductDependency */,
				D7147D4A25E763DC00AA0878 /* SwiftPackageProductDependency */,
				D7147D4C25E763DC00AA0878 /* SwiftPackageProductDependency */,
				D7147D4E25E763DC00AA0878 /* SwiftPackageProductDependency */,
				D7147D5225E7646500AA0878 /* SwiftPackageProductDependency */,
				D7147D5625E7661100AA0878 /* SwiftPackageProductDependency */,
				D7147D5A25E7667A00AA0878 /* SwiftPackageProductDependency */,
				D7147D5E25E766CC00AA0878 /* SwiftPackageProductDependency */,
				D7147D6225E7686800AA0878 /* SwiftPackageProductDependency */,
				D7147D6425E7686800AA0878 /* SwiftPackageProductDependency */,
				D7147D6825E768B800AA0878 /* SwiftPackageProductDependency */,
			);
			productName = MobalMobal;
			productReference = D70C37C525E103DD00898271 /* MobalMobal.app */;
			productType = "com.apple.product-type.application";
		};
/* End PBXNativeTarget section */

/* Begin PBXProject section */
		D70C37BD25E103DD00898271 /* Project object */ = {
			isa = PBXProject;
			attributes = {
				LastSwiftUpdateCheck = 1240;
				LastUpgradeCheck = 1240;
				TargetAttributes = {
					D70C37C425E103DD00898271 = {
						CreatedOnToolsVersion = 12.4;
					};
				};
			};
			buildConfigurationList = D70C37C025E103DD00898271 /* Build configuration list for PBXProject "MobalMobal" */;
			compatibilityVersion = "Xcode 9.3";
			developmentRegion = en;
			hasScannedForEncodings = 0;
			knownRegions = (
				en,
				Base,
			);
			mainGroup = D70C37BC25E103DD00898271;
			packageReferences = (
				D7147D3F25E763DC00AA0878 /* RemoteSwiftPackageReference */,
				D7147D5125E7646500AA0878 /* RemoteSwiftPackageReference */,
				D7147D5525E7661100AA0878 /* RemoteSwiftPackageReference */,
				D7147D5925E7667900AA0878 /* RemoteSwiftPackageReference */,
				D7147D5D25E766CC00AA0878 /* RemoteSwiftPackageReference */,
				D7147D6125E7686800AA0878 /* RemoteSwiftPackageReference */,
				D7147D6725E768B800AA0878 /* RemoteSwiftPackageReference */,
			);
			productRefGroup = D70C37C625E103DD00898271 /* Products */;
			projectDirPath = "";
			projectRoot = "";
			targets = (
				D70C37C425E103DD00898271 /* MobalMobal */,
			);
		};
/* End PBXProject section */

/* Begin PBXResourcesBuildPhase section */
		D70C37C325E103DD00898271 /* Resources */ = {
			isa = PBXResourcesBuildPhase;
			buildActionMask = 2147483647;
			files = (
				D70C37DE25E103F100898271 /* .swiftlint.yml in Resources */,
				D70C37D525E103DE00898271 /* LaunchScreen.storyboard in Resources */,
				D7147D6C25E76A1900AA0878 /* GoogleService-Info.plist in Resources */,
				D70C37D225E103DE00898271 /* Assets.xcassets in Resources */,
				D70C37D025E103DD00898271 /* Main.storyboard in Resources */,
			);
			runOnlyForDeploymentPostprocessing = 0;
		};
/* End PBXResourcesBuildPhase section */

/* Begin PBXShellScriptBuildPhase section */
		4F43463B447430E17A7A7E30 /* [CP] Embed Pods Frameworks */ = {
			isa = PBXShellScriptBuildPhase;
			buildActionMask = 2147483647;
			files = (
			);
			inputFileListPaths = (
				"${PODS_ROOT}/Target Support Files/Pods-MobalMobal/Pods-MobalMobal-frameworks-${CONFIGURATION}-input-files.xcfilelist",
			);
			name = "[CP] Embed Pods Frameworks";
			outputFileListPaths = (
				"${PODS_ROOT}/Target Support Files/Pods-MobalMobal/Pods-MobalMobal-frameworks-${CONFIGURATION}-output-files.xcfilelist",
			);
			runOnlyForDeploymentPostprocessing = 0;
			shellPath = /bin/sh;
			shellScript = "\"${PODS_ROOT}/Target Support Files/Pods-MobalMobal/Pods-MobalMobal-frameworks.sh\"\n";
			showEnvVarsInLog = 0;
		};
		84F3F05E72455AC321E09A11 /* [CP] Check Pods Manifest.lock */ = {
			isa = PBXShellScriptBuildPhase;
			buildActionMask = 2147483647;
			files = (
			);
			inputFileListPaths = (
			);
			inputPaths = (
				"${PODS_PODFILE_DIR_PATH}/Podfile.lock",
				"${PODS_ROOT}/Manifest.lock",
			);
			name = "[CP] Check Pods Manifest.lock";
			outputFileListPaths = (
			);
			outputPaths = (
				"$(DERIVED_FILE_DIR)/Pods-MobalMobal-checkManifestLockResult.txt",
			);
			runOnlyForDeploymentPostprocessing = 0;
			shellPath = /bin/sh;
			shellScript = "diff \"${PODS_PODFILE_DIR_PATH}/Podfile.lock\" \"${PODS_ROOT}/Manifest.lock\" > /dev/null\nif [ $? != 0 ] ; then\n    # print error to STDERR\n    echo \"error: The sandbox is not in sync with the Podfile.lock. Run 'pod install' or update your CocoaPods installation.\" >&2\n    exit 1\nfi\n# This output is used by Xcode 'outputs' to avoid re-running this script phase.\necho \"SUCCESS\" > \"${SCRIPT_OUTPUT_FILE_0}\"\n";
			showEnvVarsInLog = 0;
		};
		9F68754E97333593B4BF85AE /* [CP] Copy Pods Resources */ = {
			isa = PBXShellScriptBuildPhase;
			buildActionMask = 2147483647;
			files = (
			);
			inputFileListPaths = (
				"${PODS_ROOT}/Target Support Files/Pods-MobalMobal/Pods-MobalMobal-resources-${CONFIGURATION}-input-files.xcfilelist",
			);
			name = "[CP] Copy Pods Resources";
			outputFileListPaths = (
				"${PODS_ROOT}/Target Support Files/Pods-MobalMobal/Pods-MobalMobal-resources-${CONFIGURATION}-output-files.xcfilelist",
			);
			runOnlyForDeploymentPostprocessing = 0;
			shellPath = /bin/sh;
			shellScript = "\"${PODS_ROOT}/Target Support Files/Pods-MobalMobal/Pods-MobalMobal-resources.sh\"\n";
			showEnvVarsInLog = 0;
		};
		D70C37E025E1041D00898271 /* Run SwiftLint */ = {
			isa = PBXShellScriptBuildPhase;
			buildActionMask = 2147483647;
			files = (
			);
			inputFileListPaths = (
			);
			inputPaths = (
			);
			name = "Run SwiftLint";
			outputFileListPaths = (
			);
			outputPaths = (
			);
			runOnlyForDeploymentPostprocessing = 0;
			shellPath = /bin/sh;
			shellScript = "${PODS_ROOT}/SwiftLint/swiftlint\n";
		};
/* End PBXShellScriptBuildPhase section */

/* Begin PBXSourcesBuildPhase section */
		D70C37C125E103DD00898271 /* Sources */ = {
			isa = PBXSourcesBuildPhase;
			buildActionMask = 2147483647;
			files = (
				3A035F1825EA4D8C00D3FB69 /* LoginViewController.swift in Sources */,
				D70C37CD25E103DD00898271 /* ViewController.swift in Sources */,
				D70C37C925E103DD00898271 /* AppDelegate.swift in Sources */,
				D70C37CB25E103DD00898271 /* SceneDelegate.swift in Sources */,
			);
			runOnlyForDeploymentPostprocessing = 0;
		};
/* End PBXSourcesBuildPhase section */

/* Begin PBXVariantGroup section */
		D70C37CE25E103DD00898271 /* Main.storyboard */ = {
			isa = PBXVariantGroup;
			children = (
				D70C37CF25E103DD00898271 /* Base */,
			);
			name = Main.storyboard;
			sourceTree = "<group>";
		};
		D70C37D325E103DE00898271 /* LaunchScreen.storyboard */ = {
			isa = PBXVariantGroup;
			children = (
				D70C37D425E103DE00898271 /* Base */,
			);
			name = LaunchScreen.storyboard;
			sourceTree = "<group>";
		};
/* End PBXVariantGroup section */

/* Begin XCBuildConfiguration section */
		D70C37D725E103DE00898271 /* Debug */ = {
			isa = XCBuildConfiguration;
			buildSettings = {
				ALWAYS_SEARCH_USER_PATHS = NO;
				CLANG_ANALYZER_NONNULL = YES;
				CLANG_ANALYZER_NUMBER_OBJECT_CONVERSION = YES_AGGRESSIVE;
				CLANG_CXX_LANGUAGE_STANDARD = "gnu++14";
				CLANG_CXX_LIBRARY = "libc++";
				CLANG_ENABLE_MODULES = YES;
				CLANG_ENABLE_OBJC_ARC = YES;
				CLANG_ENABLE_OBJC_WEAK = YES;
				CLANG_WARN_BLOCK_CAPTURE_AUTORELEASING = YES;
				CLANG_WARN_BOOL_CONVERSION = YES;
				CLANG_WARN_COMMA = YES;
				CLANG_WARN_CONSTANT_CONVERSION = YES;
				CLANG_WARN_DEPRECATED_OBJC_IMPLEMENTATIONS = YES;
				CLANG_WARN_DIRECT_OBJC_ISA_USAGE = YES_ERROR;
				CLANG_WARN_DOCUMENTATION_COMMENTS = YES;
				CLANG_WARN_EMPTY_BODY = YES;
				CLANG_WARN_ENUM_CONVERSION = YES;
				CLANG_WARN_INFINITE_RECURSION = YES;
				CLANG_WARN_INT_CONVERSION = YES;
				CLANG_WARN_NON_LITERAL_NULL_CONVERSION = YES;
				CLANG_WARN_OBJC_IMPLICIT_RETAIN_SELF = YES;
				CLANG_WARN_OBJC_LITERAL_CONVERSION = YES;
				CLANG_WARN_OBJC_ROOT_CLASS = YES_ERROR;
				CLANG_WARN_QUOTED_INCLUDE_IN_FRAMEWORK_HEADER = YES;
				CLANG_WARN_RANGE_LOOP_ANALYSIS = YES;
				CLANG_WARN_STRICT_PROTOTYPES = YES;
				CLANG_WARN_SUSPICIOUS_MOVE = YES;
				CLANG_WARN_UNGUARDED_AVAILABILITY = YES_AGGRESSIVE;
				CLANG_WARN_UNREACHABLE_CODE = YES;
				CLANG_WARN__DUPLICATE_METHOD_MATCH = YES;
				COPY_PHASE_STRIP = NO;
				DEBUG_INFORMATION_FORMAT = dwarf;
				ENABLE_STRICT_OBJC_MSGSEND = YES;
				ENABLE_TESTABILITY = YES;
				GCC_C_LANGUAGE_STANDARD = gnu11;
				GCC_DYNAMIC_NO_PIC = NO;
				GCC_NO_COMMON_BLOCKS = YES;
				GCC_OPTIMIZATION_LEVEL = 0;
				GCC_PREPROCESSOR_DEFINITIONS = (
					"DEBUG=1",
					"$(inherited)",
				);
				GCC_WARN_64_TO_32_BIT_CONVERSION = YES;
				GCC_WARN_ABOUT_RETURN_TYPE = YES_ERROR;
				GCC_WARN_UNDECLARED_SELECTOR = YES;
				GCC_WARN_UNINITIALIZED_AUTOS = YES_AGGRESSIVE;
				GCC_WARN_UNUSED_FUNCTION = YES;
				GCC_WARN_UNUSED_VARIABLE = YES;
				IPHONEOS_DEPLOYMENT_TARGET = 13.0;
				MTL_ENABLE_DEBUG_INFO = INCLUDE_SOURCE;
				MTL_FAST_MATH = YES;
				ONLY_ACTIVE_ARCH = YES;
				SDKROOT = iphoneos;
				SWIFT_ACTIVE_COMPILATION_CONDITIONS = DEBUG;
				SWIFT_OPTIMIZATION_LEVEL = "-Onone";
			};
			name = Debug;
		};
		D70C37D825E103DE00898271 /* Release */ = {
			isa = XCBuildConfiguration;
			buildSettings = {
				ALWAYS_SEARCH_USER_PATHS = NO;
				CLANG_ANALYZER_NONNULL = YES;
				CLANG_ANALYZER_NUMBER_OBJECT_CONVERSION = YES_AGGRESSIVE;
				CLANG_CXX_LANGUAGE_STANDARD = "gnu++14";
				CLANG_CXX_LIBRARY = "libc++";
				CLANG_ENABLE_MODULES = YES;
				CLANG_ENABLE_OBJC_ARC = YES;
				CLANG_ENABLE_OBJC_WEAK = YES;
				CLANG_WARN_BLOCK_CAPTURE_AUTORELEASING = YES;
				CLANG_WARN_BOOL_CONVERSION = YES;
				CLANG_WARN_COMMA = YES;
				CLANG_WARN_CONSTANT_CONVERSION = YES;
				CLANG_WARN_DEPRECATED_OBJC_IMPLEMENTATIONS = YES;
				CLANG_WARN_DIRECT_OBJC_ISA_USAGE = YES_ERROR;
				CLANG_WARN_DOCUMENTATION_COMMENTS = YES;
				CLANG_WARN_EMPTY_BODY = YES;
				CLANG_WARN_ENUM_CONVERSION = YES;
				CLANG_WARN_INFINITE_RECURSION = YES;
				CLANG_WARN_INT_CONVERSION = YES;
				CLANG_WARN_NON_LITERAL_NULL_CONVERSION = YES;
				CLANG_WARN_OBJC_IMPLICIT_RETAIN_SELF = YES;
				CLANG_WARN_OBJC_LITERAL_CONVERSION = YES;
				CLANG_WARN_OBJC_ROOT_CLASS = YES_ERROR;
				CLANG_WARN_QUOTED_INCLUDE_IN_FRAMEWORK_HEADER = YES;
				CLANG_WARN_RANGE_LOOP_ANALYSIS = YES;
				CLANG_WARN_STRICT_PROTOTYPES = YES;
				CLANG_WARN_SUSPICIOUS_MOVE = YES;
				CLANG_WARN_UNGUARDED_AVAILABILITY = YES_AGGRESSIVE;
				CLANG_WARN_UNREACHABLE_CODE = YES;
				CLANG_WARN__DUPLICATE_METHOD_MATCH = YES;
				COPY_PHASE_STRIP = NO;
				DEBUG_INFORMATION_FORMAT = "dwarf-with-dsym";
				ENABLE_NS_ASSERTIONS = NO;
				ENABLE_STRICT_OBJC_MSGSEND = YES;
				GCC_C_LANGUAGE_STANDARD = gnu11;
				GCC_NO_COMMON_BLOCKS = YES;
				GCC_WARN_64_TO_32_BIT_CONVERSION = YES;
				GCC_WARN_ABOUT_RETURN_TYPE = YES_ERROR;
				GCC_WARN_UNDECLARED_SELECTOR = YES;
				GCC_WARN_UNINITIALIZED_AUTOS = YES_AGGRESSIVE;
				GCC_WARN_UNUSED_FUNCTION = YES;
				GCC_WARN_UNUSED_VARIABLE = YES;
				IPHONEOS_DEPLOYMENT_TARGET = 13.0;
				MTL_ENABLE_DEBUG_INFO = NO;
				MTL_FAST_MATH = YES;
				SDKROOT = iphoneos;
				SWIFT_COMPILATION_MODE = wholemodule;
				SWIFT_OPTIMIZATION_LEVEL = "-O";
				VALIDATE_PRODUCT = YES;
			};
			name = Release;
		};
		D70C37DA25E103DE00898271 /* Debug */ = {
			isa = XCBuildConfiguration;
			baseConfigurationReference = 61483D18A64727D4EAFF1EDD /* Pods-MobalMobal.debug.xcconfig */;
			buildSettings = {
				ASSETCATALOG_COMPILER_APPICON_NAME = AppIcon;
				ASSETCATALOG_COMPILER_GLOBAL_ACCENT_COLOR_NAME = AccentColor;
				CODE_SIGN_ENTITLEMENTS = MobalMobal/MobalMobalDebug.entitlements;
				CODE_SIGN_IDENTITY = "iPhone Developer";
				CODE_SIGN_STYLE = Manual;
				DEVELOPMENT_TEAM = TA757FA6NR;
				INFOPLIST_FILE = MobalMobal/Info.plist;
				IPHONEOS_DEPLOYMENT_TARGET = 13.0;
				LD_RUNPATH_SEARCH_PATHS = (
					"$(inherited)",
					"@executable_path/Frameworks",
				);
				PRODUCT_BUNDLE_IDENTIFIER = com.mashup.mobalmobal;
				PRODUCT_NAME = "$(TARGET_NAME)";
				PROVISIONING_PROFILE_SPECIFIER = MobalMobalPP;
				SWIFT_VERSION = 5.0;
				TARGETED_DEVICE_FAMILY = 1;
			};
			name = Debug;
		};
		D70C37DB25E103DE00898271 /* Release */ = {
			isa = XCBuildConfiguration;
			baseConfigurationReference = 32D37E13F8458BE37D6BCAC0 /* Pods-MobalMobal.release.xcconfig */;
			buildSettings = {
				ASSETCATALOG_COMPILER_APPICON_NAME = AppIcon;
				ASSETCATALOG_COMPILER_GLOBAL_ACCENT_COLOR_NAME = AccentColor;
				CODE_SIGN_IDENTITY = "iPhone Developer";
				CODE_SIGN_STYLE = Manual;
				DEVELOPMENT_TEAM = TA757FA6NR;
				INFOPLIST_FILE = MobalMobal/Info.plist;
				IPHONEOS_DEPLOYMENT_TARGET = 13.0;
				LD_RUNPATH_SEARCH_PATHS = (
					"$(inherited)",
					"@executable_path/Frameworks",
				);
				PRODUCT_BUNDLE_IDENTIFIER = com.mashup.mobalmobal;
				PRODUCT_NAME = "$(TARGET_NAME)";
				PROVISIONING_PROFILE_SPECIFIER = MobalMobalPP;
				SWIFT_VERSION = 5.0;
				TARGETED_DEVICE_FAMILY = 1;
			};
			name = Release;
		};
/* End XCBuildConfiguration section */

/* Begin XCConfigurationList section */
		D70C37C025E103DD00898271 /* Build configuration list for PBXProject "MobalMobal" */ = {
			isa = XCConfigurationList;
			buildConfigurations = (
				D70C37D725E103DE00898271 /* Debug */,
				D70C37D825E103DE00898271 /* Release */,
			);
			defaultConfigurationIsVisible = 0;
			defaultConfigurationName = Release;
		};
		D70C37D925E103DE00898271 /* Build configuration list for PBXNativeTarget "MobalMobal" */ = {
			isa = XCConfigurationList;
			buildConfigurations = (
				D70C37DA25E103DE00898271 /* Debug */,
				D70C37DB25E103DE00898271 /* Release */,
			);
			defaultConfigurationIsVisible = 0;
			defaultConfigurationName = Release;
		};
/* End XCConfigurationList section */

/* Begin XCRemoteSwiftPackageReference section */
		D7147D3F25E763DC00AA0878 /* RemoteSwiftPackageReference */ = {
			isa = XCRemoteSwiftPackageReference;
			repositoryURL = "https://github.com/firebase/firebase-ios-sdk.git";
			requirement = {
				kind = upToNextMajorVersion;
				minimumVersion = 7.7.0;
			};
		};
		D7147D5125E7646500AA0878 /* RemoteSwiftPackageReference */ = {
			isa = XCRemoteSwiftPackageReference;
			repositoryURL = "https://github.com/Alamofire/Alamofire.git";
			requirement = {
				kind = upToNextMajorVersion;
				minimumVersion = 5.4.1;
			};
		};
		D7147D5525E7661100AA0878 /* RemoteSwiftPackageReference */ = {
			isa = XCRemoteSwiftPackageReference;
			repositoryURL = "https://github.com/onevcat/Kingfisher.git";
			requirement = {
				kind = upToNextMajorVersion;
				minimumVersion = 6.1.1;
			};
		};
		D7147D5925E7667900AA0878 /* RemoteSwiftPackageReference */ = {
			isa = XCRemoteSwiftPackageReference;
			repositoryURL = "https://github.com/SnapKit/SnapKit.git";
			requirement = {
				kind = upToNextMajorVersion;
				minimumVersion = 5.0.1;
			};
		};
		D7147D5D25E766CC00AA0878 /* RemoteSwiftPackageReference */ = {
			isa = XCRemoteSwiftPackageReference;
			repositoryURL = "https://github.com/devxoul/Then.git";
			requirement = {
				kind = upToNextMajorVersion;
				minimumVersion = 2.7.0;
			};
		};
		D7147D6125E7686800AA0878 /* RemoteSwiftPackageReference */ = {
			isa = XCRemoteSwiftPackageReference;
			repositoryURL = "https://github.com/facebook/facebook-ios-sdk.git";
			requirement = {
				kind = upToNextMajorVersion;
				minimumVersion = 9.0.1;
			};
		};
		D7147D6725E768B800AA0878 /* RemoteSwiftPackageReference */ = {
			isa = XCRemoteSwiftPackageReference;
			repositoryURL = "https://github.com/scalessec/Toast-Swift.git";
			requirement = {
				kind = upToNextMajorVersion;
				minimumVersion = 5.0.1;
			};
		};
/* End XCRemoteSwiftPackageReference section */

/* Begin XCSwiftPackageProductDependency section */
		D7147D4025E763DC00AA0878 /* SwiftPackageProductDependency */ = {
			isa = XCSwiftPackageProductDependency;
			package = D7147D3F25E763DC00AA0878 /* RemoteSwiftPackageReference */;
			productName = FirebaseDynamicLinks;
		};
		D7147D4225E763DC00AA0878 /* SwiftPackageProductDependency */ = {
			isa = XCSwiftPackageProductDependency;
			package = D7147D3F25E763DC00AA0878 /* RemoteSwiftPackageReference */;
			productName = FirebaseDatabase;
		};
		D7147D4425E763DC00AA0878 /* SwiftPackageProductDependency */ = {
			isa = XCSwiftPackageProductDependency;
			package = D7147D3F25E763DC00AA0878 /* RemoteSwiftPackageReference */;
			productName = FirebaseAnalytics;
		};
		D7147D4625E763DC00AA0878 /* SwiftPackageProductDependency */ = {
			isa = XCSwiftPackageProductDependency;
			package = D7147D3F25E763DC00AA0878 /* RemoteSwiftPackageReference */;
			productName = FirebaseCrashlytics;
		};
		D7147D4825E763DC00AA0878 /* SwiftPackageProductDependency */ = {
			isa = XCSwiftPackageProductDependency;
			package = D7147D3F25E763DC00AA0878 /* RemoteSwiftPackageReference */;
			productName = FirebaseMessaging;
		};
		D7147D4A25E763DC00AA0878 /* SwiftPackageProductDependency */ = {
			isa = XCSwiftPackageProductDependency;
			package = D7147D3F25E763DC00AA0878 /* RemoteSwiftPackageReference */;
			productName = FirebaseAuth;
		};
		D7147D4C25E763DC00AA0878 /* SwiftPackageProductDependency */ = {
			isa = XCSwiftPackageProductDependency;
			package = D7147D3F25E763DC00AA0878 /* RemoteSwiftPackageReference */;
			productName = FirebaseRemoteConfig;
		};
		D7147D4E25E763DC00AA0878 /* SwiftPackageProductDependency */ = {
			isa = XCSwiftPackageProductDependency;
			package = D7147D3F25E763DC00AA0878 /* RemoteSwiftPackageReference */;
			productName = "FirebaseInAppMessaging-Beta";
		};
		D7147D5225E7646500AA0878 /* SwiftPackageProductDependency */ = {
			isa = XCSwiftPackageProductDependency;
			package = D7147D5125E7646500AA0878 /* RemoteSwiftPackageReference */;
			productName = Alamofire;
		};
		D7147D5625E7661100AA0878 /* SwiftPackageProductDependency */ = {
			isa = XCSwiftPackageProductDependency;
			package = D7147D5525E7661100AA0878 /* RemoteSwiftPackageReference */;
			productName = Kingfisher;
		};
		D7147D5A25E7667A00AA0878 /* SwiftPackageProductDependency */ = {
			isa = XCSwiftPackageProductDependency;
			package = D7147D5925E7667900AA0878 /* RemoteSwiftPackageReference */;
			productName = SnapKit;
		};
		D7147D5E25E766CC00AA0878 /* SwiftPackageProductDependency */ = {
			isa = XCSwiftPackageProductDependency;
			package = D7147D5D25E766CC00AA0878 /* RemoteSwiftPackageReference */;
			productName = Then;
		};
		D7147D6225E7686800AA0878 /* SwiftPackageProductDependency */ = {
			isa = XCSwiftPackageProductDependency;
			package = D7147D6125E7686800AA0878 /* RemoteSwiftPackageReference */;
			productName = FacebookLogin;
		};
		D7147D6425E7686800AA0878 /* SwiftPackageProductDependency */ = {
			isa = XCSwiftPackageProductDependency;
			package = D7147D6125E7686800AA0878 /* RemoteSwiftPackageReference */;
			productName = FacebookCore;
		};
		D7147D6825E768B800AA0878 /* SwiftPackageProductDependency */ = {
			isa = XCSwiftPackageProductDependency;
			package = D7147D6725E768B800AA0878 /* RemoteSwiftPackageReference */;
			productName = Toast;
		};
/* End XCSwiftPackageProductDependency section */
	};
	rootObject = D70C37BD25E103DD00898271 /* Project object */;
}
